// !$*UTF8*$!
{
	archiveVersion = 1;
	classes = {
	};
	objectVersion = 56;
	objects = {

/* Begin PBXBuildFile section */
		DD2C462E299402820095F923 /* MKCoordinateRegion+Cities.swift in Sources */ = {isa = PBXBuildFile; fileRef = DD2C462D299402820095F923 /* MKCoordinateRegion+Cities.swift */; };
		DD2C4630299404C90095F923 /* DefaultMapViewDelegate.swift in Sources */ = {isa = PBXBuildFile; fileRef = DD2C462F299404C90095F923 /* DefaultMapViewDelegate.swift */; };
		DD2E58002990F5F5001D5640 /* Cluster in Frameworks */ = {isa = PBXBuildFile; productRef = DD2E57FF2990F5F5001D5640 /* Cluster */; };
		DD883E7D2993C70400E713CF /* Resources.swift in Sources */ = {isa = PBXBuildFile; fileRef = DD883E582993C70400E713CF /* Resources.swift */; };
		DD883E7F2993C70400E713CF /* Assets.xcassets in Resources */ = {isa = PBXBuildFile; fileRef = DD883E5A2993C70400E713CF /* Assets.xcassets */; };
		DD883E802993C70400E713CF /* LaunchScreen.storyboard in Resources */ = {isa = PBXBuildFile; fileRef = DD883E5B2993C70400E713CF /* LaunchScreen.storyboard */; };
		DD883E812993C70400E713CF /* UIViewController+Child.swift in Sources */ = {isa = PBXBuildFile; fileRef = DD883E5F2993C70400E713CF /* UIViewController+Child.swift */; };
		DD883E822993C70400E713CF /* UIImage+ColorFilled.swift in Sources */ = {isa = PBXBuildFile; fileRef = DD883E602993C70400E713CF /* UIImage+ColorFilled.swift */; };
		DD883E832993C70400E713CF /* UIViewController+Preview.swift in Sources */ = {isa = PBXBuildFile; fileRef = DD883E612993C70400E713CF /* UIViewController+Preview.swift */; };
		DD883E842993C70400E713CF /* MKMapView+AnnotationView.swift in Sources */ = {isa = PBXBuildFile; fileRef = DD883E632993C70400E713CF /* MKMapView+AnnotationView.swift */; };
		DD883E852993C70400E713CF /* MKAnnotationView+Animations.swift in Sources */ = {isa = PBXBuildFile; fileRef = DD883E642993C70400E713CF /* MKAnnotationView+Animations.swift */; };
		DD883E862993C70400E713CF /* MKCoordinateRegion+Random.swift in Sources */ = {isa = PBXBuildFile; fileRef = DD883E652993C70400E713CF /* MKCoordinateRegion+Random.swift */; };
		DD883E872993C70400E713CF /* CLLocationCoordinate2D+Random.swift in Sources */ = {isa = PBXBuildFile; fileRef = DD883E672993C70400E713CF /* CLLocationCoordinate2D+Random.swift */; };
		DD883E882993C70400E713CF /* AnnotationDataSource.swift in Sources */ = {isa = PBXBuildFile; fileRef = DD883E6A2993C70400E713CF /* AnnotationDataSource.swift */; };
		DD883E892993C70400E713CF /* DefaultMapViewController.swift in Sources */ = {isa = PBXBuildFile; fileRef = DD883E6D2993C70400E713CF /* DefaultMapViewController.swift */; };
		DD883E8A2993C70400E713CF /* ClusteredMapManagerDelegate.swift in Sources */ = {isa = PBXBuildFile; fileRef = DD883E6F2993C70400E713CF /* ClusteredMapManagerDelegate.swift */; };
		DD883E8B2993C70400E713CF /* ClusteredMapViewDelegate.swift in Sources */ = {isa = PBXBuildFile; fileRef = DD883E702993C70400E713CF /* ClusteredMapViewDelegate.swift */; };
		DD883E8C2993C70400E713CF /* ClusterMapViewController.swift in Sources */ = {isa = PBXBuildFile; fileRef = DD883E712993C70400E713CF /* ClusterMapViewController.swift */; };
		DD883E8D2993C70400E713CF /* MeAnnotation.swift in Sources */ = {isa = PBXBuildFile; fileRef = DD883E732993C70400E713CF /* MeAnnotation.swift */; };
		DD883E8E2993C70400E713CF /* MapContainerViewController.swift in Sources */ = {isa = PBXBuildFile; fileRef = DD883E742993C70400E713CF /* MapContainerViewController.swift */; };
		DD883E8F2993C70400E713CF /* CountClusterAnnotationView.swift in Sources */ = {isa = PBXBuildFile; fileRef = DD883E762993C70400E713CF /* CountClusterAnnotationView.swift */; };
		DD883E902993C70400E713CF /* ImageCountClusterAnnotationView.swift in Sources */ = {isa = PBXBuildFile; fileRef = DD883E772993C70400E713CF /* ImageCountClusterAnnotationView.swift */; };
		DD883E912993C70400E713CF /* MapControlsViewContainer.swift in Sources */ = {isa = PBXBuildFile; fileRef = DD883E782993C70400E713CF /* MapControlsViewContainer.swift */; };
		DD883E922993C70400E713CF /* OutlineViewController.swift in Sources */ = {isa = PBXBuildFile; fileRef = DD883E7A2993C70400E713CF /* OutlineViewController.swift */; };
		DD883E932993C70400E713CF /* AppDelegate.swift in Sources */ = {isa = PBXBuildFile; fileRef = DD883E7B2993C70400E713CF /* AppDelegate.swift */; };
		DD883E942993C70400E713CF /* SceneDelegate.swift in Sources */ = {isa = PBXBuildFile; fileRef = DD883E7C2993C70400E713CF /* SceneDelegate.swift */; };
		DDB7C8372993DD800067B67E /* AnnotationTypes.swift in Sources */ = {isa = PBXBuildFile; fileRef = DDB7C8362993DD800067B67E /* AnnotationTypes.swift */; };
/* End PBXBuildFile section */

/* Begin PBXFileReference section */
		DD2C462D299402820095F923 /* MKCoordinateRegion+Cities.swift */ = {isa = PBXFileReference; lastKnownFileType = sourcecode.swift; path = "MKCoordinateRegion+Cities.swift"; sourceTree = "<group>"; };
		DD2C462F299404C90095F923 /* DefaultMapViewDelegate.swift */ = {isa = PBXFileReference; lastKnownFileType = sourcecode.swift; path = DefaultMapViewDelegate.swift; sourceTree = "<group>"; };
		DD2E57FD2990F5E6001D5640 /* Cluster */ = {isa = PBXFileReference; lastKnownFileType = wrapper; name = Cluster; path = ..; sourceTree = "<group>"; };
		DD883E582993C70400E713CF /* Resources.swift */ = {isa = PBXFileReference; fileEncoding = 4; lastKnownFileType = sourcecode.swift; path = Resources.swift; sourceTree = "<group>"; };
		DD883E592993C70400E713CF /* Info.plist */ = {isa = PBXFileReference; fileEncoding = 4; lastKnownFileType = text.plist.xml; path = Info.plist; sourceTree = "<group>"; };
		DD883E5A2993C70400E713CF /* Assets.xcassets */ = {isa = PBXFileReference; lastKnownFileType = folder.assetcatalog; path = Assets.xcassets; sourceTree = "<group>"; };
		DD883E5C2993C70400E713CF /* Base */ = {isa = PBXFileReference; lastKnownFileType = file.storyboard; name = Base; path = Base.lproj/LaunchScreen.storyboard; sourceTree = "<group>"; };
		DD883E5F2993C70400E713CF /* UIViewController+Child.swift */ = {isa = PBXFileReference; fileEncoding = 4; lastKnownFileType = sourcecode.swift; path = "UIViewController+Child.swift"; sourceTree = "<group>"; };
		DD883E602993C70400E713CF /* UIImage+ColorFilled.swift */ = {isa = PBXFileReference; fileEncoding = 4; lastKnownFileType = sourcecode.swift; path = "UIImage+ColorFilled.swift"; sourceTree = "<group>"; };
		DD883E612993C70400E713CF /* UIViewController+Preview.swift */ = {isa = PBXFileReference; fileEncoding = 4; lastKnownFileType = sourcecode.swift; path = "UIViewController+Preview.swift"; sourceTree = "<group>"; };
		DD883E632993C70400E713CF /* MKMapView+AnnotationView.swift */ = {isa = PBXFileReference; fileEncoding = 4; lastKnownFileType = sourcecode.swift; path = "MKMapView+AnnotationView.swift"; sourceTree = "<group>"; };
		DD883E642993C70400E713CF /* MKAnnotationView+Animations.swift */ = {isa = PBXFileReference; fileEncoding = 4; lastKnownFileType = sourcecode.swift; path = "MKAnnotationView+Animations.swift"; sourceTree = "<group>"; };
		DD883E652993C70400E713CF /* MKCoordinateRegion+Random.swift */ = {isa = PBXFileReference; fileEncoding = 4; lastKnownFileType = sourcecode.swift; path = "MKCoordinateRegion+Random.swift"; sourceTree = "<group>"; };
		DD883E672993C70400E713CF /* CLLocationCoordinate2D+Random.swift */ = {isa = PBXFileReference; fileEncoding = 4; lastKnownFileType = sourcecode.swift; path = "CLLocationCoordinate2D+Random.swift"; sourceTree = "<group>"; };
		DD883E6A2993C70400E713CF /* AnnotationDataSource.swift */ = {isa = PBXFileReference; fileEncoding = 4; lastKnownFileType = sourcecode.swift; path = AnnotationDataSource.swift; sourceTree = "<group>"; };
		DD883E6D2993C70400E713CF /* DefaultMapViewController.swift */ = {isa = PBXFileReference; fileEncoding = 4; lastKnownFileType = sourcecode.swift; path = DefaultMapViewController.swift; sourceTree = "<group>"; };
		DD883E6F2993C70400E713CF /* ClusteredMapManagerDelegate.swift */ = {isa = PBXFileReference; fileEncoding = 4; lastKnownFileType = sourcecode.swift; path = ClusteredMapManagerDelegate.swift; sourceTree = "<group>"; };
		DD883E702993C70400E713CF /* ClusteredMapViewDelegate.swift */ = {isa = PBXFileReference; fileEncoding = 4; lastKnownFileType = sourcecode.swift; path = ClusteredMapViewDelegate.swift; sourceTree = "<group>"; };
		DD883E712993C70400E713CF /* ClusterMapViewController.swift */ = {isa = PBXFileReference; fileEncoding = 4; lastKnownFileType = sourcecode.swift; path = ClusterMapViewController.swift; sourceTree = "<group>"; };
		DD883E732993C70400E713CF /* MeAnnotation.swift */ = {isa = PBXFileReference; fileEncoding = 4; lastKnownFileType = sourcecode.swift; path = MeAnnotation.swift; sourceTree = "<group>"; };
		DD883E742993C70400E713CF /* MapContainerViewController.swift */ = {isa = PBXFileReference; fileEncoding = 4; lastKnownFileType = sourcecode.swift; path = MapContainerViewController.swift; sourceTree = "<group>"; };
		DD883E762993C70400E713CF /* CountClusterAnnotationView.swift */ = {isa = PBXFileReference; fileEncoding = 4; lastKnownFileType = sourcecode.swift; path = CountClusterAnnotationView.swift; sourceTree = "<group>"; };
		DD883E772993C70400E713CF /* ImageCountClusterAnnotationView.swift */ = {isa = PBXFileReference; fileEncoding = 4; lastKnownFileType = sourcecode.swift; path = ImageCountClusterAnnotationView.swift; sourceTree = "<group>"; };
		DD883E782993C70400E713CF /* MapControlsViewContainer.swift */ = {isa = PBXFileReference; fileEncoding = 4; lastKnownFileType = sourcecode.swift; path = MapControlsViewContainer.swift; sourceTree = "<group>"; };
		DD883E7A2993C70400E713CF /* OutlineViewController.swift */ = {isa = PBXFileReference; fileEncoding = 4; lastKnownFileType = sourcecode.swift; path = OutlineViewController.swift; sourceTree = "<group>"; };
		DD883E7B2993C70400E713CF /* AppDelegate.swift */ = {isa = PBXFileReference; fileEncoding = 4; lastKnownFileType = sourcecode.swift; path = AppDelegate.swift; sourceTree = "<group>"; };
		DD883E7C2993C70400E713CF /* SceneDelegate.swift */ = {isa = PBXFileReference; fileEncoding = 4; lastKnownFileType = sourcecode.swift; path = SceneDelegate.swift; sourceTree = "<group>"; };
		DDB7C8362993DD800067B67E /* AnnotationTypes.swift */ = {isa = PBXFileReference; lastKnownFileType = sourcecode.swift; path = AnnotationTypes.swift; sourceTree = "<group>"; };
		DDEAF3812990F59800E49D87 /* Example.app */ = {isa = PBXFileReference; explicitFileType = wrapper.application; includeInIndex = 0; path = Example.app; sourceTree = BUILT_PRODUCTS_DIR; };
/* End PBXFileReference section */

/* Begin PBXFrameworksBuildPhase section */
		DDEAF37E2990F59800E49D87 /* Frameworks */ = {
			isa = PBXFrameworksBuildPhase;
			buildActionMask = 2147483647;
			files = (
				DD2E58002990F5F5001D5640 /* Cluster in Frameworks */,
			);
			runOnlyForDeploymentPostprocessing = 0;
		};
/* End PBXFrameworksBuildPhase section */

/* Begin PBXGroup section */
		DD2E57FC2990F5E6001D5640 /* Packages */ = {
			isa = PBXGroup;
			children = (
				DD2E57FD2990F5E6001D5640 /* Cluster */,
			);
			name = Packages;
			sourceTree = "<group>";
		};
		DD2E57FE2990F5F5001D5640 /* Frameworks */ = {
			isa = PBXGroup;
			children = (
			);
			name = Frameworks;
			sourceTree = "<group>";
		};
		DD883E562993C70400E713CF /* Example */ = {
			isa = PBXGroup;
			children = (
				DD883E7B2993C70400E713CF /* AppDelegate.swift */,
				DD883E7A2993C70400E713CF /* OutlineViewController.swift */,
				DD883E7C2993C70400E713CF /* SceneDelegate.swift */,
				DD883E5D2993C70400E713CF /* Extensions */,
				DD883E682993C70400E713CF /* Map */,
				DD883E572993C70400E713CF /* Resources */,
			);
			path = Example;
			sourceTree = "<group>";
		};
		DD883E572993C70400E713CF /* Resources */ = {
			isa = PBXGroup;
			children = (
				DD883E592993C70400E713CF /* Info.plist */,
				DD883E582993C70400E713CF /* Resources.swift */,
				DD883E5A2993C70400E713CF /* Assets.xcassets */,
				DD883E5B2993C70400E713CF /* LaunchScreen.storyboard */,
			);
			path = Resources;
			sourceTree = "<group>";
		};
		DD883E5D2993C70400E713CF /* Extensions */ = {
			isa = PBXGroup;
			children = (
				DD883E5E2993C70400E713CF /* UIKit */,
				DD883E622993C70400E713CF /* MapKit */,
				DD883E662993C70400E713CF /* CoreLocation */,
			);
			path = Extensions;
			sourceTree = "<group>";
		};
		DD883E5E2993C70400E713CF /* UIKit */ = {
			isa = PBXGroup;
			children = (
				DD883E5F2993C70400E713CF /* UIViewController+Child.swift */,
				DD883E602993C70400E713CF /* UIImage+ColorFilled.swift */,
				DD883E612993C70400E713CF /* UIViewController+Preview.swift */,
			);
			path = UIKit;
			sourceTree = "<group>";
		};
		DD883E622993C70400E713CF /* MapKit */ = {
			isa = PBXGroup;
			children = (
				DD883E632993C70400E713CF /* MKMapView+AnnotationView.swift */,
				DD883E642993C70400E713CF /* MKAnnotationView+Animations.swift */,
				DD883E652993C70400E713CF /* MKCoordinateRegion+Random.swift */,
				DD2C462D299402820095F923 /* MKCoordinateRegion+Cities.swift */,
			);
			path = MapKit;
			sourceTree = "<group>";
		};
		DD883E662993C70400E713CF /* CoreLocation */ = {
			isa = PBXGroup;
			children = (
				DD883E672993C70400E713CF /* CLLocationCoordinate2D+Random.swift */,
			);
			path = CoreLocation;
			sourceTree = "<group>";
		};
		DD883E682993C70400E713CF /* Map */ = {
			isa = PBXGroup;
			children = (
				DD883E742993C70400E713CF /* MapContainerViewController.swift */,
				DD883E782993C70400E713CF /* MapControlsViewContainer.swift */,
				DD883E722993C70400E713CF /* Annotations */,
				DD883E692993C70400E713CF /* DataSource */,
				DDB7C8352993DD180067B67E /* ViewControllers */,
			);
			path = Map;
			sourceTree = "<group>";
		};
		DD883E692993C70400E713CF /* DataSource */ = {
			isa = PBXGroup;
			children = (
				DD883E6A2993C70400E713CF /* AnnotationDataSource.swift */,
			);
			path = DataSource;
			sourceTree = "<group>";
		};
		DD883E6C2993C70400E713CF /* DefaultClustering */ = {
			isa = PBXGroup;
			children = (
				DD883E6D2993C70400E713CF /* DefaultMapViewController.swift */,
				DD2C462F299404C90095F923 /* DefaultMapViewDelegate.swift */,
			);
			path = DefaultClustering;
			sourceTree = "<group>";
		};
		DD883E6E2993C70400E713CF /* WithClusterManager */ = {
			isa = PBXGroup;
			children = (
				DD883E6F2993C70400E713CF /* ClusteredMapManagerDelegate.swift */,
				DD883E702993C70400E713CF /* ClusteredMapViewDelegate.swift */,
				DD883E712993C70400E713CF /* ClusterMapViewController.swift */,
				DD883E752993C70400E713CF /* Views */,
			);
			path = WithClusterManager;
			sourceTree = "<group>";
		};
		DD883E722993C70400E713CF /* Annotations */ = {
			isa = PBXGroup;
			children = (
				DD883E732993C70400E713CF /* MeAnnotation.swift */,
				DDB7C8362993DD800067B67E /* AnnotationTypes.swift */,
			);
			path = Annotations;
			sourceTree = "<group>";
		};
		DD883E752993C70400E713CF /* Views */ = {
			isa = PBXGroup;
			children = (
				DD883E762993C70400E713CF /* CountClusterAnnotationView.swift */,
				DD883E772993C70400E713CF /* ImageCountClusterAnnotationView.swift */,
			);
			path = Views;
			sourceTree = "<group>";
		};
		DDB7C8352993DD180067B67E /* ViewControllers */ = {
			isa = PBXGroup;
			children = (
				DD883E6C2993C70400E713CF /* DefaultClustering */,
				DD883E6E2993C70400E713CF /* WithClusterManager */,
			);
			path = ViewControllers;
			sourceTree = "<group>";
		};
		DDEAF3782990F59800E49D87 = {
			isa = PBXGroup;
			children = (
				DD883E562993C70400E713CF /* Example */,
				DD2E57FE2990F5F5001D5640 /* Frameworks */,
				DD2E57FC2990F5E6001D5640 /* Packages */,
				DDEAF3822990F59800E49D87 /* Products */,
			);
			sourceTree = "<group>";
		};
		DDEAF3822990F59800E49D87 /* Products */ = {
			isa = PBXGroup;
			children = (
				DDEAF3812990F59800E49D87 /* Example.app */,
			);
			name = Products;
			sourceTree = "<group>";
		};
/* End PBXGroup section */

/* Begin PBXNativeTarget section */
		DDEAF3802990F59800E49D87 /* Example */ = {
			isa = PBXNativeTarget;
			buildConfigurationList = DDEAF3952990F59900E49D87 /* Build configuration list for PBXNativeTarget "Example" */;
			buildPhases = (
				DDEAF37D2990F59800E49D87 /* Sources */,
				DDEAF37E2990F59800E49D87 /* Frameworks */,
				DDEAF37F2990F59800E49D87 /* Resources */,
			);
			buildRules = (
			);
			dependencies = (
			);
			name = Example;
			packageProductDependencies = (
				DD2E57FF2990F5F5001D5640 /* Cluster */,
			);
			productName = Example;
			productReference = DDEAF3812990F59800E49D87 /* Example.app */;
			productType = "com.apple.product-type.application";
		};
/* End PBXNativeTarget section */

/* Begin PBXProject section */
		DDEAF3792990F59800E49D87 /* Project object */ = {
			isa = PBXProject;
			attributes = {
				BuildIndependentTargetsInParallel = 1;
				LastSwiftUpdateCheck = 1420;
				LastUpgradeCheck = 1420;
				TargetAttributes = {
					DDEAF3802990F59800E49D87 = {
						CreatedOnToolsVersion = 14.2;
					};
				};
			};
			buildConfigurationList = DDEAF37C2990F59800E49D87 /* Build configuration list for PBXProject "Example" */;
			compatibilityVersion = "Xcode 14.0";
			developmentRegion = en;
			hasScannedForEncodings = 0;
			knownRegions = (
				en,
				Base,
			);
			mainGroup = DDEAF3782990F59800E49D87;
			productRefGroup = DDEAF3822990F59800E49D87 /* Products */;
			projectDirPath = "";
			projectRoot = "";
			targets = (
				DDEAF3802990F59800E49D87 /* Example */,
			);
		};
/* End PBXProject section */

/* Begin PBXResourcesBuildPhase section */
		DDEAF37F2990F59800E49D87 /* Resources */ = {
			isa = PBXResourcesBuildPhase;
			buildActionMask = 2147483647;
			files = (
				DD883E802993C70400E713CF /* LaunchScreen.storyboard in Resources */,
				DD883E7F2993C70400E713CF /* Assets.xcassets in Resources */,
			);
			runOnlyForDeploymentPostprocessing = 0;
		};
/* End PBXResourcesBuildPhase section */

/* Begin PBXSourcesBuildPhase section */
		DDEAF37D2990F59800E49D87 /* Sources */ = {
			isa = PBXSourcesBuildPhase;
			buildActionMask = 2147483647;
			files = (
				DD883E8C2993C70400E713CF /* ClusterMapViewController.swift in Sources */,
				DD883E872993C70400E713CF /* CLLocationCoordinate2D+Random.swift in Sources */,
				DD883E892993C70400E713CF /* DefaultMapViewController.swift in Sources */,
				DD883E822993C70400E713CF /* UIImage+ColorFilled.swift in Sources */,
				DD883E842993C70400E713CF /* MKMapView+AnnotationView.swift in Sources */,
				DD2C462E299402820095F923 /* MKCoordinateRegion+Cities.swift in Sources */,
				DD883E922993C70400E713CF /* OutlineViewController.swift in Sources */,
				DD883E8E2993C70400E713CF /* MapContainerViewController.swift in Sources */,
				DD2C4630299404C90095F923 /* DefaultMapViewDelegate.swift in Sources */,
				DD883E8A2993C70400E713CF /* ClusteredMapManagerDelegate.swift in Sources */,
				DD883E942993C70400E713CF /* SceneDelegate.swift in Sources */,
				DD883E932993C70400E713CF /* AppDelegate.swift in Sources */,
				DD883E912993C70400E713CF /* MapControlsViewContainer.swift in Sources */,
				DD883E882993C70400E713CF /* AnnotationDataSource.swift in Sources */,
				DD883E902993C70400E713CF /* ImageCountClusterAnnotationView.swift in Sources */,
				DD883E8F2993C70400E713CF /* CountClusterAnnotationView.swift in Sources */,
				DD883E852993C70400E713CF /* MKAnnotationView+Animations.swift in Sources */,
				DD883E7D2993C70400E713CF /* Resources.swift in Sources */,
				DD883E8B2993C70400E713CF /* ClusteredMapViewDelegate.swift in Sources */,
				DD883E862993C70400E713CF /* MKCoordinateRegion+Random.swift in Sources */,
				DD883E812993C70400E713CF /* UIViewController+Child.swift in Sources */,
				DD883E8D2993C70400E713CF /* MeAnnotation.swift in Sources */,
				DDB7C8372993DD800067B67E /* AnnotationTypes.swift in Sources */,
				DD883E832993C70400E713CF /* UIViewController+Preview.swift in Sources */,
			);
			runOnlyForDeploymentPostprocessing = 0;
		};
/* End PBXSourcesBuildPhase section */

/* Begin PBXVariantGroup section */
		DD883E5B2993C70400E713CF /* LaunchScreen.storyboard */ = {
			isa = PBXVariantGroup;
			children = (
				DD883E5C2993C70400E713CF /* Base */,
			);
			name = LaunchScreen.storyboard;
			sourceTree = "<group>";
		};
/* End PBXVariantGroup section */

/* Begin XCBuildConfiguration section */
		DDEAF3932990F59900E49D87 /* Debug */ = {
			isa = XCBuildConfiguration;
			buildSettings = {
				ALWAYS_SEARCH_USER_PATHS = NO;
				CLANG_ANALYZER_NONNULL = YES;
				CLANG_ANALYZER_NUMBER_OBJECT_CONVERSION = YES_AGGRESSIVE;
				CLANG_CXX_LANGUAGE_STANDARD = "gnu++20";
				CLANG_ENABLE_MODULES = YES;
				CLANG_ENABLE_OBJC_ARC = YES;
				CLANG_ENABLE_OBJC_WEAK = YES;
				CLANG_WARN_BLOCK_CAPTURE_AUTORELEASING = YES;
				CLANG_WARN_BOOL_CONVERSION = YES;
				CLANG_WARN_COMMA = YES;
				CLANG_WARN_CONSTANT_CONVERSION = YES;
				CLANG_WARN_DEPRECATED_OBJC_IMPLEMENTATIONS = YES;
				CLANG_WARN_DIRECT_OBJC_ISA_USAGE = YES_ERROR;
				CLANG_WARN_DOCUMENTATION_COMMENTS = YES;
				CLANG_WARN_EMPTY_BODY = YES;
				CLANG_WARN_ENUM_CONVERSION = YES;
				CLANG_WARN_INFINITE_RECURSION = YES;
				CLANG_WARN_INT_CONVERSION = YES;
				CLANG_WARN_NON_LITERAL_NULL_CONVERSION = YES;
				CLANG_WARN_OBJC_IMPLICIT_RETAIN_SELF = YES;
				CLANG_WARN_OBJC_LITERAL_CONVERSION = YES;
				CLANG_WARN_OBJC_ROOT_CLASS = YES_ERROR;
				CLANG_WARN_QUOTED_INCLUDE_IN_FRAMEWORK_HEADER = YES;
				CLANG_WARN_RANGE_LOOP_ANALYSIS = YES;
				CLANG_WARN_STRICT_PROTOTYPES = YES;
				CLANG_WARN_SUSPICIOUS_MOVE = YES;
				CLANG_WARN_UNGUARDED_AVAILABILITY = YES_AGGRESSIVE;
				CLANG_WARN_UNREACHABLE_CODE = YES;
				CLANG_WARN__DUPLICATE_METHOD_MATCH = YES;
				COPY_PHASE_STRIP = NO;
				DEBUG_INFORMATION_FORMAT = dwarf;
				ENABLE_STRICT_OBJC_MSGSEND = YES;
				ENABLE_TESTABILITY = YES;
				GCC_C_LANGUAGE_STANDARD = gnu11;
				GCC_DYNAMIC_NO_PIC = NO;
				GCC_NO_COMMON_BLOCKS = YES;
				GCC_OPTIMIZATION_LEVEL = 0;
				GCC_PREPROCESSOR_DEFINITIONS = (
					"DEBUG=1",
					"$(inherited)",
				);
				GCC_WARN_64_TO_32_BIT_CONVERSION = YES;
				GCC_WARN_ABOUT_RETURN_TYPE = YES_ERROR;
				GCC_WARN_UNDECLARED_SELECTOR = YES;
				GCC_WARN_UNINITIALIZED_AUTOS = YES_AGGRESSIVE;
				GCC_WARN_UNUSED_FUNCTION = YES;
				GCC_WARN_UNUSED_VARIABLE = YES;
				IPHONEOS_DEPLOYMENT_TARGET = 16.2;
				MTL_ENABLE_DEBUG_INFO = INCLUDE_SOURCE;
				MTL_FAST_MATH = YES;
				ONLY_ACTIVE_ARCH = YES;
				SDKROOT = iphoneos;
				SWIFT_ACTIVE_COMPILATION_CONDITIONS = DEBUG;
				SWIFT_OPTIMIZATION_LEVEL = "-Onone";
			};
			name = Debug;
		};
		DDEAF3942990F59900E49D87 /* Release */ = {
			isa = XCBuildConfiguration;
			buildSettings = {
				ALWAYS_SEARCH_USER_PATHS = NO;
				CLANG_ANALYZER_NONNULL = YES;
				CLANG_ANALYZER_NUMBER_OBJECT_CONVERSION = YES_AGGRESSIVE;
				CLANG_CXX_LANGUAGE_STANDARD = "gnu++20";
				CLANG_ENABLE_MODULES = YES;
				CLANG_ENABLE_OBJC_ARC = YES;
				CLANG_ENABLE_OBJC_WEAK = YES;
				CLANG_WARN_BLOCK_CAPTURE_AUTORELEASING = YES;
				CLANG_WARN_BOOL_CONVERSION = YES;
				CLANG_WARN_COMMA = YES;
				CLANG_WARN_CONSTANT_CONVERSION = YES;
				CLANG_WARN_DEPRECATED_OBJC_IMPLEMENTATIONS = YES;
				CLANG_WARN_DIRECT_OBJC_ISA_USAGE = YES_ERROR;
				CLANG_WARN_DOCUMENTATION_COMMENTS = YES;
				CLANG_WARN_EMPTY_BODY = YES;
				CLANG_WARN_ENUM_CONVERSION = YES;
				CLANG_WARN_INFINITE_RECURSION = YES;
				CLANG_WARN_INT_CONVERSION = YES;
				CLANG_WARN_NON_LITERAL_NULL_CONVERSION = YES;
				CLANG_WARN_OBJC_IMPLICIT_RETAIN_SELF = YES;
				CLANG_WARN_OBJC_LITERAL_CONVERSION = YES;
				CLANG_WARN_OBJC_ROOT_CLASS = YES_ERROR;
				CLANG_WARN_QUOTED_INCLUDE_IN_FRAMEWORK_HEADER = YES;
				CLANG_WARN_RANGE_LOOP_ANALYSIS = YES;
				CLANG_WARN_STRICT_PROTOTYPES = YES;
				CLANG_WARN_SUSPICIOUS_MOVE = YES;
				CLANG_WARN_UNGUARDED_AVAILABILITY = YES_AGGRESSIVE;
				CLANG_WARN_UNREACHABLE_CODE = YES;
				CLANG_WARN__DUPLICATE_METHOD_MATCH = YES;
				COPY_PHASE_STRIP = NO;
				DEBUG_INFORMATION_FORMAT = "dwarf-with-dsym";
				ENABLE_NS_ASSERTIONS = NO;
				ENABLE_STRICT_OBJC_MSGSEND = YES;
				GCC_C_LANGUAGE_STANDARD = gnu11;
				GCC_NO_COMMON_BLOCKS = YES;
				GCC_WARN_64_TO_32_BIT_CONVERSION = YES;
				GCC_WARN_ABOUT_RETURN_TYPE = YES_ERROR;
				GCC_WARN_UNDECLARED_SELECTOR = YES;
				GCC_WARN_UNINITIALIZED_AUTOS = YES_AGGRESSIVE;
				GCC_WARN_UNUSED_FUNCTION = YES;
				GCC_WARN_UNUSED_VARIABLE = YES;
				IPHONEOS_DEPLOYMENT_TARGET = 16.2;
				MTL_ENABLE_DEBUG_INFO = NO;
				MTL_FAST_MATH = YES;
				SDKROOT = iphoneos;
				SWIFT_COMPILATION_MODE = wholemodule;
				SWIFT_OPTIMIZATION_LEVEL = "-O";
				VALIDATE_PRODUCT = YES;
			};
			name = Release;
		};
		DDEAF3962990F59900E49D87 /* Debug */ = {
			isa = XCBuildConfiguration;
			buildSettings = {
				ASSETCATALOG_COMPILER_APPICON_NAME = AppIcon;
				ASSETCATALOG_COMPILER_GLOBAL_ACCENT_COLOR_NAME = AccentColor;
				CODE_SIGN_STYLE = Automatic;
				CURRENT_PROJECT_VERSION = 1;
				GENERATE_INFOPLIST_FILE = YES;
				INFOPLIST_FILE = Example/Resources/Info.plist;
				INFOPLIST_KEY_UIApplicationSupportsIndirectInputEvents = YES;
				INFOPLIST_KEY_UILaunchStoryboardName = LaunchScreen;
				INFOPLIST_KEY_UISupportedInterfaceOrientations_iPad = "UIInterfaceOrientationPortrait UIInterfaceOrientationPortraitUpsideDown UIInterfaceOrientationLandscapeLeft UIInterfaceOrientationLandscapeRight";
				INFOPLIST_KEY_UISupportedInterfaceOrientations_iPhone = "UIInterfaceOrientationPortrait UIInterfaceOrientationLandscapeLeft UIInterfaceOrientationLandscapeRight";
				IPHONEOS_DEPLOYMENT_TARGET = 13.0;
				LD_RUNPATH_SEARCH_PATHS = (
					"$(inherited)",
					"@executable_path/Frameworks",
				);
				MARKETING_VERSION = 1.0;
				PRODUCT_BUNDLE_IDENTIFIER = Cluster.Example;
				PRODUCT_NAME = "$(TARGET_NAME)";
				SWIFT_EMIT_LOC_STRINGS = YES;
				SWIFT_VERSION = 5.0;
				TARGETED_DEVICE_FAMILY = "1,2";
			};
			name = Debug;
		};
		DDEAF3972990F59900E49D87 /* Release */ = {
			isa = XCBuildConfiguration;
			buildSettings = {
				ASSETCATALOG_COMPILER_APPICON_NAME = AppIcon;
				ASSETCATALOG_COMPILER_GLOBAL_ACCENT_COLOR_NAME = AccentColor;
				CODE_SIGN_STYLE = Automatic;
				CURRENT_PROJECT_VERSION = 1;
				GENERATE_INFOPLIST_FILE = YES;
				INFOPLIST_FILE = Example/Resources/Info.plist;
				INFOPLIST_KEY_UIApplicationSupportsIndirectInputEvents = YES;
				INFOPLIST_KEY_UILaunchStoryboardName = LaunchScreen;
				INFOPLIST_KEY_UISupportedInterfaceOrientations_iPad = "UIInterfaceOrientationPortrait UIInterfaceOrientationPortraitUpsideDown UIInterfaceOrientationLandscapeLeft UIInterfaceOrientationLandscapeRight";
				INFOPLIST_KEY_UISupportedInterfaceOrientations_iPhone = "UIInterfaceOrientationPortrait UIInterfaceOrientationLandscapeLeft UIInterfaceOrientationLandscapeRight";
				IPHONEOS_DEPLOYMENT_TARGET = 13.0;
				LD_RUNPATH_SEARCH_PATHS = (
					"$(inherited)",
					"@executable_path/Frameworks",
				);
				MARKETING_VERSION = 1.0;
				PRODUCT_BUNDLE_IDENTIFIER = Cluster.Example;
				PRODUCT_NAME = "$(TARGET_NAME)";
				SWIFT_EMIT_LOC_STRINGS = YES;
				SWIFT_VERSION = 5.0;
				TARGETED_DEVICE_FAMILY = "1,2";
			};
			name = Release;
		};
/* End XCBuildConfiguration section */

/* Begin XCConfigurationList section */
		DDEAF37C2990F59800E49D87 /* Build configuration list for PBXProject "Example" */ = {
			isa = XCConfigurationList;
			buildConfigurations = (
				DDEAF3932990F59900E49D87 /* Debug */,
				DDEAF3942990F59900E49D87 /* Release */,
			);
			defaultConfigurationIsVisible = 0;
			defaultConfigurationName = Release;
		};
		DDEAF3952990F59900E49D87 /* Build configuration list for PBXNativeTarget "Example" */ = {
			isa = XCConfigurationList;
			buildConfigurations = (
				DDEAF3962990F59900E49D87 /* Debug */,
				DDEAF3972990F59900E49D87 /* Release */,
			);
			defaultConfigurationIsVisible = 0;
			defaultConfigurationName = Release;
		};
/* End XCConfigurationList section */

/* Begin XCSwiftPackageProductDependency section */
		DD2E57FF2990F5F5001D5640 /* Cluster */ = {
			isa = XCSwiftPackageProductDependency;
			productName = Cluster;
		};
/* End XCSwiftPackageProductDependency section */
	};
	rootObject = DDEAF3792990F59800E49D87 /* Project object */;
}
