// !$*UTF8*$!
{
	archiveVersion = 1;
	classes = {
	};
	objectVersion = 56;
	objects = {

/* Begin PBXBuildFile section */
		DD1B5D6929955EFF0015D91B /* AppDelegate.swift in Sources */ = {isa = PBXBuildFile; fileRef = DD1B5D6829955EFF0015D91B /* AppDelegate.swift */; };
		DD1B5D6D29955F000015D91B /* Assets.xcassets in Resources */ = {isa = PBXBuildFile; fileRef = DD1B5D6C29955F000015D91B /* Assets.xcassets */; };
		DD2C4630299404C90095F923 /* DefaultMapViewDelegate.swift in Sources */ = {isa = PBXBuildFile; fileRef = DD2C462F299404C90095F923 /* DefaultMapViewDelegate.swift */; };
		DD3410E92A777686007A74AB /* ExampleApp.swift in Sources */ = {isa = PBXBuildFile; fileRef = DD3410E82A777686007A74AB /* ExampleApp.swift */; };
		DD3410EB2A777686007A74AB /* ModernMap.swift in Sources */ = {isa = PBXBuildFile; fileRef = DD3410EA2A777686007A74AB /* ModernMap.swift */; };
		DD3410ED2A777687007A74AB /* Assets.xcassets in Resources */ = {isa = PBXBuildFile; fileRef = DD3410EC2A777687007A74AB /* Assets.xcassets */; };
		DD3411142A77777D007A74AB /* DataSource.h in Headers */ = {isa = PBXBuildFile; fileRef = DD3411132A77777D007A74AB /* DataSource.h */; settings = {ATTRIBUTES = (Public, ); }; };
		DD34111B2A777DBD007A74AB /* CoordinateRandomizer.swift in Sources */ = {isa = PBXBuildFile; fileRef = DD883E6A2993C70400E713CF /* CoordinateRandomizer.swift */; };
		DD34111C2A777DFC007A74AB /* MKCoordinateRegion+Random.swift in Sources */ = {isa = PBXBuildFile; fileRef = DD883E652993C70400E713CF /* MKCoordinateRegion+Random.swift */; };
		DD34111D2A777E07007A74AB /* CLLocationCoordinate2D+Random.swift in Sources */ = {isa = PBXBuildFile; fileRef = DD883E672993C70400E713CF /* CLLocationCoordinate2D+Random.swift */; };
		DD34111F2A777E24007A74AB /* MKCoordinateRegion+Cities.swift in Sources */ = {isa = PBXBuildFile; fileRef = DD2C462D299402820095F923 /* MKCoordinateRegion+Cities.swift */; };
		DD3411202A777F19007A74AB /* DataSource.framework in Frameworks */ = {isa = PBXBuildFile; fileRef = DD3411112A77777D007A74AB /* DataSource.framework */; };
		DD3411212A777F19007A74AB /* DataSource.framework in Embed Frameworks */ = {isa = PBXBuildFile; fileRef = DD3411112A77777D007A74AB /* DataSource.framework */; settings = {ATTRIBUTES = (CodeSignOnCopy, RemoveHeadersOnCopy, ); }; };
		DD3411242A7782CE007A74AB /* DataSource.framework in Frameworks */ = {isa = PBXBuildFile; fileRef = DD3411112A77777D007A74AB /* DataSource.framework */; };
		DD3411252A7782CE007A74AB /* DataSource.framework in Embed Frameworks */ = {isa = PBXBuildFile; fileRef = DD3411112A77777D007A74AB /* DataSource.framework */; settings = {ATTRIBUTES = (CodeSignOnCopy, RemoveHeadersOnCopy, ); }; };
		DD3411322A778819007A74AB /* AnnotationTypes.swift in Sources */ = {isa = PBXBuildFile; fileRef = DD3411312A778819007A74AB /* AnnotationTypes.swift */; };
		DD3411342A778869007A74AB /* ClusteredMapViewDelegate.swift in Sources */ = {isa = PBXBuildFile; fileRef = DD3411332A778869007A74AB /* ClusteredMapViewDelegate.swift */; };
		DD3411392A77889B007A74AB /* ClusterWithImageAnnotationView.swift in Sources */ = {isa = PBXBuildFile; fileRef = DD3411372A77889B007A74AB /* ClusterWithImageAnnotationView.swift */; };
		DD3411452A7788B4007A74AB /* UIViewController+Child.swift in Sources */ = {isa = PBXBuildFile; fileRef = DD34113C2A7788B4007A74AB /* UIViewController+Child.swift */; };
		DD3411462A7788B4007A74AB /* UIImage+ColorFilled.swift in Sources */ = {isa = PBXBuildFile; fileRef = DD34113D2A7788B4007A74AB /* UIImage+ColorFilled.swift */; };
		DD3411492A7788B4007A74AB /* MKMapView+AnnotationView.swift in Sources */ = {isa = PBXBuildFile; fileRef = DD3411412A7788B4007A74AB /* MKMapView+AnnotationView.swift */; };
		DD34114D2A7788F3007A74AB /* Resources.swift in Sources */ = {isa = PBXBuildFile; fileRef = DD34114C2A7788F3007A74AB /* Resources.swift */; };
		DD3411502A778BCE007A74AB /* MapViewDelegate.swift in Sources */ = {isa = PBXBuildFile; fileRef = DD34114F2A778BCE007A74AB /* MapViewDelegate.swift */; };
		DD3411522A778EB1007A74AB /* MKMapView+ReusableAnnotation.swift in Sources */ = {isa = PBXBuildFile; fileRef = DD3411512A778EB1007A74AB /* MKMapView+ReusableAnnotation.swift */; };
		DD3411552A779567007A74AB /* DataSource.framework in Frameworks */ = {isa = PBXBuildFile; fileRef = DD3411112A77777D007A74AB /* DataSource.framework */; };
		DD3411562A779567007A74AB /* DataSource.framework in Embed Frameworks */ = {isa = PBXBuildFile; fileRef = DD3411112A77777D007A74AB /* DataSource.framework */; settings = {ATTRIBUTES = (CodeSignOnCopy, RemoveHeadersOnCopy, ); }; };
		DD34115B2A77956B007A74AB /* ClusterMap in Frameworks */ = {isa = PBXBuildFile; productRef = DD34115A2A77956B007A74AB /* ClusterMap */; };
		DD5939FB29F2674F0088861F /* ClusterMap in Frameworks */ = {isa = PBXBuildFile; productRef = DD5939FA29F2674F0088861F /* ClusterMap */; };
		DD5939FD29F267A40088861F /* ClusterMap in Frameworks */ = {isa = PBXBuildFile; productRef = DD5939FC29F267A40088861F /* ClusterMap */; };
		DD752E7F2AA8EB3200D6AFC4 /* MapController.swift in Sources */ = {isa = PBXBuildFile; fileRef = DD752E7E2AA8EB3200D6AFC4 /* MapController.swift */; };
		DD7989EA29961F3700B28DC4 /* main.swift in Sources */ = {isa = PBXBuildFile; fileRef = DD7989E929961F3700B28DC4 /* main.swift */; };
		DD7989ED29961FFC00B28DC4 /* MapViewController.swift in Sources */ = {isa = PBXBuildFile; fileRef = DD7989EB29961FFC00B28DC4 /* MapViewController.swift */; };
		DD7D619F2AACD222005C2AAE /* ClusterMapSwiftUI in Frameworks */ = {isa = PBXBuildFile; productRef = DD7D619E2AACD222005C2AAE /* ClusterMapSwiftUI */; };
		DD883E7F2993C70400E713CF /* Assets.xcassets in Resources */ = {isa = PBXBuildFile; fileRef = DD883E5A2993C70400E713CF /* Assets.xcassets */; };
		DD883E802993C70400E713CF /* LaunchScreen.storyboard in Resources */ = {isa = PBXBuildFile; fileRef = DD883E5B2993C70400E713CF /* LaunchScreen.storyboard */; };
		DD883E892993C70400E713CF /* DefaultMapViewController.swift in Sources */ = {isa = PBXBuildFile; fileRef = DD883E6D2993C70400E713CF /* DefaultMapViewController.swift */; };
		DD883E8C2993C70400E713CF /* ClusterMapViewController.swift in Sources */ = {isa = PBXBuildFile; fileRef = DD883E712993C70400E713CF /* ClusterMapViewController.swift */; };
		DD883E8E2993C70400E713CF /* MapContainerViewController.swift in Sources */ = {isa = PBXBuildFile; fileRef = DD883E742993C70400E713CF /* MapContainerViewController.swift */; };
		DD883E912993C70400E713CF /* MapControlsViewContainer.swift in Sources */ = {isa = PBXBuildFile; fileRef = DD883E782993C70400E713CF /* MapControlsViewContainer.swift */; };
		DD883E922993C70400E713CF /* ClusteringSelectionViewController.swift in Sources */ = {isa = PBXBuildFile; fileRef = DD883E7A2993C70400E713CF /* ClusteringSelectionViewController.swift */; };
		DD883E932993C70400E713CF /* AppDelegate.swift in Sources */ = {isa = PBXBuildFile; fileRef = DD883E7B2993C70400E713CF /* AppDelegate.swift */; };
		DD883E942993C70400E713CF /* SceneDelegate.swift in Sources */ = {isa = PBXBuildFile; fileRef = DD883E7C2993C70400E713CF /* SceneDelegate.swift */; };
		DDC0DD692AE3ABA200D4B636 /* LegacyMap.swift in Sources */ = {isa = PBXBuildFile; fileRef = DDC0DD682AE3ABA200D4B636 /* LegacyMap.swift */; };
		DDC0DD6B2AE3ABAF00D4B636 /* LegacyMap+DataSource.swift in Sources */ = {isa = PBXBuildFile; fileRef = DDC0DD6A2AE3ABAF00D4B636 /* LegacyMap+DataSource.swift */; };
		DDC0DD6D2AE3AC9000D4B636 /* ContentView.swift in Sources */ = {isa = PBXBuildFile; fileRef = DDC0DD6C2AE3AC9000D4B636 /* ContentView.swift */; };
		DDC0DD742AE3C0EB00D4B636 /* LazyView.swift in Sources */ = {isa = PBXBuildFile; fileRef = DDC0DD732AE3C0EB00D4B636 /* LazyView.swift */; };
		DDC0DD762AE3DF5E00D4B636 /* LocalSearchCompleter.swift in Sources */ = {isa = PBXBuildFile; fileRef = DDC0DD752AE3DF5E00D4B636 /* LocalSearchCompleter.swift */; };
		DDC94AA02AA0755000D73080 /* AsyncButton.swift in Sources */ = {isa = PBXBuildFile; fileRef = DDC94A9F2AA0755000D73080 /* AsyncButton.swift */; };
		DDCA653E2AA707C8006C6A2D /* AnyMapAnnotationProtocol.swift in Sources */ = {isa = PBXBuildFile; fileRef = DDCA653D2AA707C8006C6A2D /* AnyMapAnnotationProtocol.swift */; };
		DDCA65402AA82C92006C6A2D /* Background.swift in Sources */ = {isa = PBXBuildFile; fileRef = DDCA653F2AA82C92006C6A2D /* Background.swift */; };
		DDCA65422AA82CAB006C6A2D /* Overlay.swift in Sources */ = {isa = PBXBuildFile; fileRef = DDCA65412AA82CAB006C6A2D /* Overlay.swift */; };
		DDD292312A78E2B200F8CC9E /* RoundedButton.swift in Sources */ = {isa = PBXBuildFile; fileRef = DDD292302A78E2B200F8CC9E /* RoundedButton.swift */; };
		DDD292332A78E87900F8CC9E /* ModernMap+DataSource.swift in Sources */ = {isa = PBXBuildFile; fileRef = DDD292322A78E87900F8CC9E /* ModernMap+DataSource.swift */; };
		DDDB3E532A9E478F00745D15 /* ClusterAnnotation.swift in Sources */ = {isa = PBXBuildFile; fileRef = DDDB3E522A9E478F00745D15 /* ClusterAnnotation.swift */; };
		DDDB3E552A9E47C900745D15 /* ClusterAnnotationView.swift in Sources */ = {isa = PBXBuildFile; fileRef = DDDB3E542A9E47C900745D15 /* ClusterAnnotationView.swift */; };
		DDDB3E572A9E480800745D15 /* CountLabel.swift in Sources */ = {isa = PBXBuildFile; fileRef = DDDB3E562A9E480800745D15 /* CountLabel.swift */; };
		DDDB3E592A9E499700745D15 /* ClusterWithLabelAnnotationView.swift in Sources */ = {isa = PBXBuildFile; fileRef = DDDB3E582A9E499700745D15 /* ClusterWithLabelAnnotationView.swift */; };
		DDF05F0F2ADE6AA8004A1191 /* MapKitIntegration.swift in Sources */ = {isa = PBXBuildFile; fileRef = DDF05F0E2ADE6AA8004A1191 /* MapKitIntegration.swift */; };
		DDF90B352AA50120001B94E8 /* PointAnnotation.swift in Sources */ = {isa = PBXBuildFile; fileRef = DDF90B342AA50120001B94E8 /* PointAnnotation.swift */; };
		DDF90B372AA50CA9001B94E8 /* ClusterAnnotation.swift in Sources */ = {isa = PBXBuildFile; fileRef = DDF90B362AA50CA9001B94E8 /* ClusterAnnotation.swift */; };
		DDF90B392AA50CC4001B94E8 /* PointAnnotation.swift in Sources */ = {isa = PBXBuildFile; fileRef = DDF90B382AA50CC4001B94E8 /* PointAnnotation.swift */; };
		DDF90B3B2AA50D0E001B94E8 /* ClusterAnnotationView.swift in Sources */ = {isa = PBXBuildFile; fileRef = DDF90B3A2AA50D0E001B94E8 /* ClusterAnnotationView.swift */; };
/* End PBXBuildFile section */

/* Begin PBXContainerItemProxy section */
		DD3411222A777F19007A74AB /* PBXContainerItemProxy */ = {
			isa = PBXContainerItemProxy;
			containerPortal = DDEAF3792990F59800E49D87 /* Project object */;
			proxyType = 1;
			remoteGlobalIDString = DD3411102A77777D007A74AB;
			remoteInfo = DataSource;
		};
		DD3411262A7782CE007A74AB /* PBXContainerItemProxy */ = {
			isa = PBXContainerItemProxy;
			containerPortal = DDEAF3792990F59800E49D87 /* Project object */;
			proxyType = 1;
			remoteGlobalIDString = DD3411102A77777D007A74AB;
			remoteInfo = DataSource;
		};
		DD3411572A779567007A74AB /* PBXContainerItemProxy */ = {
			isa = PBXContainerItemProxy;
			containerPortal = DDEAF3792990F59800E49D87 /* Project object */;
			proxyType = 1;
			remoteGlobalIDString = DD3411102A77777D007A74AB;
			remoteInfo = DataSource;
		};
/* End PBXContainerItemProxy section */

/* Begin PBXCopyFilesBuildPhase section */
		DD3411592A779567007A74AB /* Embed Frameworks */ = {
			isa = PBXCopyFilesBuildPhase;
			buildActionMask = 2147483647;
			dstPath = "";
			dstSubfolderSpec = 10;
			files = (
				DD3411562A779567007A74AB /* DataSource.framework in Embed Frameworks */,
			);
			name = "Embed Frameworks";
			runOnlyForDeploymentPostprocessing = 0;
		};
		DD798A0529962AB100B28DC4 /* Embed Frameworks */ = {
			isa = PBXCopyFilesBuildPhase;
			buildActionMask = 2147483647;
			dstPath = "";
			dstSubfolderSpec = 10;
			files = (
				DD3411252A7782CE007A74AB /* DataSource.framework in Embed Frameworks */,
			);
			name = "Embed Frameworks";
			runOnlyForDeploymentPostprocessing = 0;
		};
		DD798A0A29962AB500B28DC4 /* Embed Frameworks */ = {
			isa = PBXCopyFilesBuildPhase;
			buildActionMask = 2147483647;
			dstPath = "";
			dstSubfolderSpec = 10;
			files = (
				DD3411212A777F19007A74AB /* DataSource.framework in Embed Frameworks */,
			);
			name = "Embed Frameworks";
			runOnlyForDeploymentPostprocessing = 0;
		};
/* End PBXCopyFilesBuildPhase section */

/* Begin PBXFileReference section */
		DD1B5D6629955EFF0015D91B /* Example-AppKit.app */ = {isa = PBXFileReference; explicitFileType = wrapper.application; includeInIndex = 0; path = "Example-AppKit.app"; sourceTree = BUILT_PRODUCTS_DIR; };
		DD1B5D6829955EFF0015D91B /* AppDelegate.swift */ = {isa = PBXFileReference; lastKnownFileType = sourcecode.swift; path = AppDelegate.swift; sourceTree = "<group>"; };
		DD1B5D6C29955F000015D91B /* Assets.xcassets */ = {isa = PBXFileReference; lastKnownFileType = folder.assetcatalog; path = Assets.xcassets; sourceTree = "<group>"; };
		DD1B5D7129955F000015D91B /* Example_AppKit.entitlements */ = {isa = PBXFileReference; lastKnownFileType = text.plist.entitlements; path = Example_AppKit.entitlements; sourceTree = "<group>"; };
		DD2C462D299402820095F923 /* MKCoordinateRegion+Cities.swift */ = {isa = PBXFileReference; lastKnownFileType = sourcecode.swift; path = "MKCoordinateRegion+Cities.swift"; sourceTree = "<group>"; };
		DD2C462F299404C90095F923 /* DefaultMapViewDelegate.swift */ = {isa = PBXFileReference; lastKnownFileType = sourcecode.swift; path = DefaultMapViewDelegate.swift; sourceTree = "<group>"; };
		DD2E57FD2990F5E6001D5640 /* Cluster */ = {isa = PBXFileReference; lastKnownFileType = wrapper; name = Cluster; path = ..; sourceTree = "<group>"; };
		DD3410E62A777686007A74AB /* Example-SwiftUI.app */ = {isa = PBXFileReference; explicitFileType = wrapper.application; includeInIndex = 0; path = "Example-SwiftUI.app"; sourceTree = BUILT_PRODUCTS_DIR; };
		DD3410E82A777686007A74AB /* ExampleApp.swift */ = {isa = PBXFileReference; lastKnownFileType = sourcecode.swift; path = ExampleApp.swift; sourceTree = "<group>"; };
		DD3410EA2A777686007A74AB /* ModernMap.swift */ = {isa = PBXFileReference; lastKnownFileType = sourcecode.swift; path = ModernMap.swift; sourceTree = "<group>"; };
		DD3410EC2A777687007A74AB /* Assets.xcassets */ = {isa = PBXFileReference; lastKnownFileType = folder.assetcatalog; path = Assets.xcassets; sourceTree = "<group>"; };
		DD3411112A77777D007A74AB /* DataSource.framework */ = {isa = PBXFileReference; explicitFileType = wrapper.framework; includeInIndex = 0; path = DataSource.framework; sourceTree = BUILT_PRODUCTS_DIR; };
		DD3411132A77777D007A74AB /* DataSource.h */ = {isa = PBXFileReference; lastKnownFileType = sourcecode.c.h; path = DataSource.h; sourceTree = "<group>"; };
		DD3411312A778819007A74AB /* AnnotationTypes.swift */ = {isa = PBXFileReference; fileEncoding = 4; lastKnownFileType = sourcecode.swift; path = AnnotationTypes.swift; sourceTree = "<group>"; };
		DD3411332A778869007A74AB /* ClusteredMapViewDelegate.swift */ = {isa = PBXFileReference; fileEncoding = 4; lastKnownFileType = sourcecode.swift; path = ClusteredMapViewDelegate.swift; sourceTree = "<group>"; };
		DD3411372A77889B007A74AB /* ClusterWithImageAnnotationView.swift */ = {isa = PBXFileReference; fileEncoding = 4; lastKnownFileType = sourcecode.swift; path = ClusterWithImageAnnotationView.swift; sourceTree = "<group>"; };
		DD34113C2A7788B4007A74AB /* UIViewController+Child.swift */ = {isa = PBXFileReference; fileEncoding = 4; lastKnownFileType = sourcecode.swift; path = "UIViewController+Child.swift"; sourceTree = "<group>"; };
		DD34113D2A7788B4007A74AB /* UIImage+ColorFilled.swift */ = {isa = PBXFileReference; fileEncoding = 4; lastKnownFileType = sourcecode.swift; path = "UIImage+ColorFilled.swift"; sourceTree = "<group>"; };
		DD3411412A7788B4007A74AB /* MKMapView+AnnotationView.swift */ = {isa = PBXFileReference; fileEncoding = 4; lastKnownFileType = sourcecode.swift; path = "MKMapView+AnnotationView.swift"; sourceTree = "<group>"; };
		DD34114C2A7788F3007A74AB /* Resources.swift */ = {isa = PBXFileReference; fileEncoding = 4; lastKnownFileType = sourcecode.swift; path = Resources.swift; sourceTree = "<group>"; };
		DD34114F2A778BCE007A74AB /* MapViewDelegate.swift */ = {isa = PBXFileReference; fileEncoding = 4; lastKnownFileType = sourcecode.swift; path = MapViewDelegate.swift; sourceTree = "<group>"; };
		DD3411512A778EB1007A74AB /* MKMapView+ReusableAnnotation.swift */ = {isa = PBXFileReference; lastKnownFileType = sourcecode.swift; path = "MKMapView+ReusableAnnotation.swift"; sourceTree = "<group>"; };
		DD752E7E2AA8EB3200D6AFC4 /* MapController.swift */ = {isa = PBXFileReference; lastKnownFileType = sourcecode.swift; path = MapController.swift; sourceTree = "<group>"; };
		DD7989E929961F3700B28DC4 /* main.swift */ = {isa = PBXFileReference; lastKnownFileType = sourcecode.swift; path = main.swift; sourceTree = "<group>"; };
		DD7989EB29961FFC00B28DC4 /* MapViewController.swift */ = {isa = PBXFileReference; lastKnownFileType = sourcecode.swift; path = MapViewController.swift; sourceTree = "<group>"; };
		DD883E592993C70400E713CF /* Info.plist */ = {isa = PBXFileReference; fileEncoding = 4; lastKnownFileType = text.plist.xml; path = Info.plist; sourceTree = "<group>"; };
		DD883E5A2993C70400E713CF /* Assets.xcassets */ = {isa = PBXFileReference; lastKnownFileType = folder.assetcatalog; path = Assets.xcassets; sourceTree = "<group>"; };
		DD883E5C2993C70400E713CF /* Base */ = {isa = PBXFileReference; lastKnownFileType = file.storyboard; name = Base; path = Base.lproj/LaunchScreen.storyboard; sourceTree = "<group>"; };
		DD883E652993C70400E713CF /* MKCoordinateRegion+Random.swift */ = {isa = PBXFileReference; fileEncoding = 4; lastKnownFileType = sourcecode.swift; path = "MKCoordinateRegion+Random.swift"; sourceTree = "<group>"; };
		DD883E672993C70400E713CF /* CLLocationCoordinate2D+Random.swift */ = {isa = PBXFileReference; fileEncoding = 4; lastKnownFileType = sourcecode.swift; path = "CLLocationCoordinate2D+Random.swift"; sourceTree = "<group>"; };
		DD883E6A2993C70400E713CF /* CoordinateRandomizer.swift */ = {isa = PBXFileReference; fileEncoding = 4; lastKnownFileType = sourcecode.swift; path = CoordinateRandomizer.swift; sourceTree = "<group>"; };
		DD883E6D2993C70400E713CF /* DefaultMapViewController.swift */ = {isa = PBXFileReference; fileEncoding = 4; lastKnownFileType = sourcecode.swift; path = DefaultMapViewController.swift; sourceTree = "<group>"; };
		DD883E712993C70400E713CF /* ClusterMapViewController.swift */ = {isa = PBXFileReference; fileEncoding = 4; lastKnownFileType = sourcecode.swift; path = ClusterMapViewController.swift; sourceTree = "<group>"; };
		DD883E742993C70400E713CF /* MapContainerViewController.swift */ = {isa = PBXFileReference; fileEncoding = 4; lastKnownFileType = sourcecode.swift; path = MapContainerViewController.swift; sourceTree = "<group>"; };
		DD883E782993C70400E713CF /* MapControlsViewContainer.swift */ = {isa = PBXFileReference; fileEncoding = 4; lastKnownFileType = sourcecode.swift; path = MapControlsViewContainer.swift; sourceTree = "<group>"; };
		DD883E7A2993C70400E713CF /* ClusteringSelectionViewController.swift */ = {isa = PBXFileReference; fileEncoding = 4; lastKnownFileType = sourcecode.swift; path = ClusteringSelectionViewController.swift; sourceTree = "<group>"; };
		DD883E7B2993C70400E713CF /* AppDelegate.swift */ = {isa = PBXFileReference; fileEncoding = 4; lastKnownFileType = sourcecode.swift; path = AppDelegate.swift; sourceTree = "<group>"; };
		DD883E7C2993C70400E713CF /* SceneDelegate.swift */ = {isa = PBXFileReference; fileEncoding = 4; lastKnownFileType = sourcecode.swift; path = SceneDelegate.swift; sourceTree = "<group>"; };
		DDC0DD682AE3ABA200D4B636 /* LegacyMap.swift */ = {isa = PBXFileReference; lastKnownFileType = sourcecode.swift; path = LegacyMap.swift; sourceTree = "<group>"; };
		DDC0DD6A2AE3ABAF00D4B636 /* LegacyMap+DataSource.swift */ = {isa = PBXFileReference; lastKnownFileType = sourcecode.swift; path = "LegacyMap+DataSource.swift"; sourceTree = "<group>"; };
		DDC0DD6C2AE3AC9000D4B636 /* ContentView.swift */ = {isa = PBXFileReference; lastKnownFileType = sourcecode.swift; path = ContentView.swift; sourceTree = "<group>"; };
		DDC0DD732AE3C0EB00D4B636 /* LazyView.swift */ = {isa = PBXFileReference; lastKnownFileType = sourcecode.swift; path = LazyView.swift; sourceTree = "<group>"; };
		DDC0DD752AE3DF5E00D4B636 /* LocalSearchCompleter.swift */ = {isa = PBXFileReference; lastKnownFileType = sourcecode.swift; path = LocalSearchCompleter.swift; sourceTree = "<group>"; };
		DDC94A9F2AA0755000D73080 /* AsyncButton.swift */ = {isa = PBXFileReference; lastKnownFileType = sourcecode.swift; path = AsyncButton.swift; sourceTree = "<group>"; };
		DDCA653D2AA707C8006C6A2D /* AnyMapAnnotationProtocol.swift */ = {isa = PBXFileReference; lastKnownFileType = sourcecode.swift; path = AnyMapAnnotationProtocol.swift; sourceTree = "<group>"; };
		DDCA653F2AA82C92006C6A2D /* Background.swift */ = {isa = PBXFileReference; lastKnownFileType = sourcecode.swift; path = Background.swift; sourceTree = "<group>"; };
		DDCA65412AA82CAB006C6A2D /* Overlay.swift */ = {isa = PBXFileReference; lastKnownFileType = sourcecode.swift; path = Overlay.swift; sourceTree = "<group>"; };
		DDD292302A78E2B200F8CC9E /* RoundedButton.swift */ = {isa = PBXFileReference; lastKnownFileType = sourcecode.swift; path = RoundedButton.swift; sourceTree = "<group>"; };
		DDD292322A78E87900F8CC9E /* ModernMap+DataSource.swift */ = {isa = PBXFileReference; lastKnownFileType = sourcecode.swift; path = "ModernMap+DataSource.swift"; sourceTree = "<group>"; };
		DDDB3E522A9E478F00745D15 /* ClusterAnnotation.swift */ = {isa = PBXFileReference; lastKnownFileType = sourcecode.swift; path = ClusterAnnotation.swift; sourceTree = "<group>"; };
		DDDB3E542A9E47C900745D15 /* ClusterAnnotationView.swift */ = {isa = PBXFileReference; lastKnownFileType = sourcecode.swift; path = ClusterAnnotationView.swift; sourceTree = "<group>"; };
		DDDB3E562A9E480800745D15 /* CountLabel.swift */ = {isa = PBXFileReference; lastKnownFileType = sourcecode.swift; path = CountLabel.swift; sourceTree = "<group>"; };
		DDDB3E582A9E499700745D15 /* ClusterWithLabelAnnotationView.swift */ = {isa = PBXFileReference; fileEncoding = 4; lastKnownFileType = sourcecode.swift; path = ClusterWithLabelAnnotationView.swift; sourceTree = "<group>"; };
		DDEAF3812990F59800E49D87 /* Example-UIKit.app */ = {isa = PBXFileReference; explicitFileType = wrapper.application; includeInIndex = 0; path = "Example-UIKit.app"; sourceTree = BUILT_PRODUCTS_DIR; };
		DDF05F0E2ADE6AA8004A1191 /* MapKitIntegration.swift */ = {isa = PBXFileReference; lastKnownFileType = sourcecode.swift; path = MapKitIntegration.swift; sourceTree = "<group>"; };
		DDF90B342AA50120001B94E8 /* PointAnnotation.swift */ = {isa = PBXFileReference; lastKnownFileType = sourcecode.swift; path = PointAnnotation.swift; sourceTree = "<group>"; };
		DDF90B362AA50CA9001B94E8 /* ClusterAnnotation.swift */ = {isa = PBXFileReference; lastKnownFileType = sourcecode.swift; path = ClusterAnnotation.swift; sourceTree = "<group>"; };
		DDF90B382AA50CC4001B94E8 /* PointAnnotation.swift */ = {isa = PBXFileReference; lastKnownFileType = sourcecode.swift; path = PointAnnotation.swift; sourceTree = "<group>"; };
		DDF90B3A2AA50D0E001B94E8 /* ClusterAnnotationView.swift */ = {isa = PBXFileReference; lastKnownFileType = sourcecode.swift; path = ClusterAnnotationView.swift; sourceTree = "<group>"; };
/* End PBXFileReference section */

/* Begin PBXFrameworksBuildPhase section */
		DD1B5D6329955EFF0015D91B /* Frameworks */ = {
			isa = PBXFrameworksBuildPhase;
			buildActionMask = 2147483647;
			files = (
				DD5939FD29F267A40088861F /* ClusterMap in Frameworks */,
				DD3411202A777F19007A74AB /* DataSource.framework in Frameworks */,
			);
			runOnlyForDeploymentPostprocessing = 0;
		};
		DD3410E32A777686007A74AB /* Frameworks */ = {
			isa = PBXFrameworksBuildPhase;
			buildActionMask = 2147483647;
			files = (
				DD34115B2A77956B007A74AB /* ClusterMap in Frameworks */,
				DD7D619F2AACD222005C2AAE /* ClusterMapSwiftUI in Frameworks */,
				DD3411552A779567007A74AB /* DataSource.framework in Frameworks */,
			);
			runOnlyForDeploymentPostprocessing = 0;
		};
		DD34110E2A77777D007A74AB /* Frameworks */ = {
			isa = PBXFrameworksBuildPhase;
			buildActionMask = 2147483647;
			files = (
			);
			runOnlyForDeploymentPostprocessing = 0;
		};
		DDEAF37E2990F59800E49D87 /* Frameworks */ = {
			isa = PBXFrameworksBuildPhase;
			buildActionMask = 2147483647;
			files = (
				DD5939FB29F2674F0088861F /* ClusterMap in Frameworks */,
				DD3411242A7782CE007A74AB /* DataSource.framework in Frameworks */,
			);
			runOnlyForDeploymentPostprocessing = 0;
		};
/* End PBXFrameworksBuildPhase section */

/* Begin PBXGroup section */
		DD1B5D6729955EFF0015D91B /* Example-AppKit */ = {
			isa = PBXGroup;
			children = (
				DD752E732AA8E23C00D6AFC4 /* Core */,
				DD752E722AA8E23600D6AFC4 /* App */,
				DD1B5D7129955F000015D91B /* Example_AppKit.entitlements */,
				DD1B5D6C29955F000015D91B /* Assets.xcassets */,
			);
			path = "Example-AppKit";
			sourceTree = "<group>";
		};
		DD2E57FC2990F5E6001D5640 /* Packages */ = {
			isa = PBXGroup;
			children = (
				DD2E57FD2990F5E6001D5640 /* Cluster */,
			);
			name = Packages;
			sourceTree = "<group>";
		};
		DD2E57FE2990F5F5001D5640 /* Frameworks */ = {
			isa = PBXGroup;
			children = (
			);
			name = Frameworks;
			sourceTree = "<group>";
		};
		DD3229C32AA8ED8F0047A0B6 /* ModernMap */ = {
			isa = PBXGroup;
			children = (
				DD3410EA2A777686007A74AB /* ModernMap.swift */,
				DDD292322A78E87900F8CC9E /* ModernMap+DataSource.swift */,
			);
			path = ModernMap;
			sourceTree = "<group>";
		};
		DD3229C42AA8EDB30047A0B6 /* Styles */ = {
			isa = PBXGroup;
			children = (
				DDD292302A78E2B200F8CC9E /* RoundedButton.swift */,
			);
			path = Styles;
			sourceTree = "<group>";
		};
		DD3410E72A777686007A74AB /* Example-SwiftUI */ = {
			isa = PBXGroup;
			children = (
				DD752E702AA8E18B00D6AFC4 /* Core */,
				DD752E6F2AA8E17800D6AFC4 /* App */,
				DD3410EC2A777687007A74AB /* Assets.xcassets */,
			);
			path = "Example-SwiftUI";
			sourceTree = "<group>";
		};
		DD3411122A77777D007A74AB /* DataSource */ = {
			isa = PBXGroup;
			children = (
				DD3411132A77777D007A74AB /* DataSource.h */,
				DD883E672993C70400E713CF /* CLLocationCoordinate2D+Random.swift */,
				DD883E6A2993C70400E713CF /* CoordinateRandomizer.swift */,
				DD2C462D299402820095F923 /* MKCoordinateRegion+Cities.swift */,
				DD883E652993C70400E713CF /* MKCoordinateRegion+Random.swift */,
			);
			path = DataSource;
			sourceTree = "<group>";
		};
		DD3411302A778819007A74AB /* Models */ = {
			isa = PBXGroup;
			children = (
				DD3411312A778819007A74AB /* AnnotationTypes.swift */,
			);
			path = Models;
			sourceTree = "<group>";
		};
		DD3411352A77889B007A74AB /* Annotations */ = {
			isa = PBXGroup;
			children = (
				DDDB3E522A9E478F00745D15 /* ClusterAnnotation.swift */,
				DDDB3E542A9E47C900745D15 /* ClusterAnnotationView.swift */,
				DD3411372A77889B007A74AB /* ClusterWithImageAnnotationView.swift */,
				DDDB3E582A9E499700745D15 /* ClusterWithLabelAnnotationView.swift */,
				DDF90B342AA50120001B94E8 /* PointAnnotation.swift */,
			);
			path = Annotations;
			sourceTree = "<group>";
		};
		DD3411402A7788B4007A74AB /* MapKit */ = {
			isa = PBXGroup;
			children = (
				DD3411412A7788B4007A74AB /* MKMapView+AnnotationView.swift */,
			);
			path = MapKit;
			sourceTree = "<group>";
		};
		DD34114E2A7789AD007A74AB /* UIKit */ = {
			isa = PBXGroup;
			children = (
				DD34113D2A7788B4007A74AB /* UIImage+ColorFilled.swift */,
				DD34113C2A7788B4007A74AB /* UIViewController+Child.swift */,
			);
			path = UIKit;
			sourceTree = "<group>";
		};
		DD752E6F2AA8E17800D6AFC4 /* App */ = {
			isa = PBXGroup;
			children = (
				DDC0DD6C2AE3AC9000D4B636 /* ContentView.swift */,
				DD3410E82A777686007A74AB /* ExampleApp.swift */,
				DDC0DD652AE3AAAE00D4B636 /* LegacyMap */,
				DDC0DD662AE3AADA00D4B636 /* MapKitIntegration */,
				DD3229C32AA8ED8F0047A0B6 /* ModernMap */,
				DD3229C42AA8EDB30047A0B6 /* Styles */,
			);
			path = App;
			sourceTree = "<group>";
		};
		DD752E702AA8E18B00D6AFC4 /* Core */ = {
			isa = PBXGroup;
			children = (
				DD752E712AA8E1AB00D6AFC4 /* SwiftUI */,
			);
			path = Core;
			sourceTree = "<group>";
		};
		DD752E712AA8E1AB00D6AFC4 /* SwiftUI */ = {
			isa = PBXGroup;
			children = (
				DDC0DD732AE3C0EB00D4B636 /* LazyView.swift */,
				DDCA653D2AA707C8006C6A2D /* AnyMapAnnotationProtocol.swift */,
				DDC94A9F2AA0755000D73080 /* AsyncButton.swift */,
				DDCA653F2AA82C92006C6A2D /* Background.swift */,
				DDCA65412AA82CAB006C6A2D /* Overlay.swift */,
			);
			path = SwiftUI;
			sourceTree = "<group>";
		};
		DD752E722AA8E23600D6AFC4 /* App */ = {
			isa = PBXGroup;
			children = (
				DD752E752AA8E27400D6AFC4 /* Map */,
				DD1B5D6829955EFF0015D91B /* AppDelegate.swift */,
				DD7989E929961F3700B28DC4 /* main.swift */,
			);
			path = App;
			sourceTree = "<group>";
		};
		DD752E732AA8E23C00D6AFC4 /* Core */ = {
			isa = PBXGroup;
			children = (
				DD752E742AA8E24B00D6AFC4 /* MapKit */,
			);
			path = Core;
			sourceTree = "<group>";
		};
		DD752E742AA8E24B00D6AFC4 /* MapKit */ = {
			isa = PBXGroup;
			children = (
				DD3411512A778EB1007A74AB /* MKMapView+ReusableAnnotation.swift */,
			);
			path = MapKit;
			sourceTree = "<group>";
		};
		DD752E752AA8E27400D6AFC4 /* Map */ = {
			isa = PBXGroup;
			children = (
				DD7989EB29961FFC00B28DC4 /* MapViewController.swift */,
				DD34114F2A778BCE007A74AB /* MapViewDelegate.swift */,
				DD752E762AA8E28700D6AFC4 /* Annotations */,
			);
			path = Map;
			sourceTree = "<group>";
		};
		DD752E762AA8E28700D6AFC4 /* Annotations */ = {
			isa = PBXGroup;
			children = (
				DDF90B362AA50CA9001B94E8 /* ClusterAnnotation.swift */,
				DDF90B3A2AA50D0E001B94E8 /* ClusterAnnotationView.swift */,
				DDF90B382AA50CC4001B94E8 /* PointAnnotation.swift */,
			);
			path = Annotations;
			sourceTree = "<group>";
		};
		DD752E792AA8EA9400D6AFC4 /* App */ = {
			isa = PBXGroup;
			children = (
				DD883E7B2993C70400E713CF /* AppDelegate.swift */,
				DD883E7C2993C70400E713CF /* SceneDelegate.swift */,
				DD752E812AA8EB9900D6AFC4 /* ClusteringSelection */,
				DD752E7D2AA8EB2300D6AFC4 /* MapContainer */,
			);
			path = App;
			sourceTree = "<group>";
		};
		DD752E7A2AA8EA9A00D6AFC4 /* Core */ = {
			isa = PBXGroup;
			children = (
				DD34114E2A7789AD007A74AB /* UIKit */,
				DD3411402A7788B4007A74AB /* MapKit */,
			);
			path = Core;
			sourceTree = "<group>";
		};
		DD752E7D2AA8EB2300D6AFC4 /* MapContainer */ = {
			isa = PBXGroup;
			children = (
				DD883E742993C70400E713CF /* MapContainerViewController.swift */,
				DD752E7E2AA8EB3200D6AFC4 /* MapController.swift */,
				DD883E782993C70400E713CF /* MapControlsViewContainer.swift */,
				DD883E682993C70400E713CF /* Maps */,
				DD3411302A778819007A74AB /* Models */,
			);
			path = MapContainer;
			sourceTree = "<group>";
		};
		DD752E812AA8EB9900D6AFC4 /* ClusteringSelection */ = {
			isa = PBXGroup;
			children = (
				DD883E7A2993C70400E713CF /* ClusteringSelectionViewController.swift */,
			);
			path = ClusteringSelection;
			sourceTree = "<group>";
		};
		DD752E822AA8EC2A00D6AFC4 /* Views */ = {
			isa = PBXGroup;
			children = (
				DDDB3E562A9E480800745D15 /* CountLabel.swift */,
			);
			path = Views;
			sourceTree = "<group>";
		};
		DD883E562993C70400E713CF /* Example-UIKit */ = {
			isa = PBXGroup;
			children = (
				DD752E7A2AA8EA9A00D6AFC4 /* Core */,
				DD752E792AA8EA9400D6AFC4 /* App */,
				DD883E572993C70400E713CF /* Resources */,
			);
			path = "Example-UIKit";
			sourceTree = "<group>";
		};
		DD883E572993C70400E713CF /* Resources */ = {
			isa = PBXGroup;
			children = (
				DD883E592993C70400E713CF /* Info.plist */,
				DD34114C2A7788F3007A74AB /* Resources.swift */,
				DD883E5A2993C70400E713CF /* Assets.xcassets */,
				DD883E5B2993C70400E713CF /* LaunchScreen.storyboard */,
			);
			path = Resources;
			sourceTree = "<group>";
		};
		DD883E682993C70400E713CF /* Maps */ = {
			isa = PBXGroup;
			children = (
				DD752E822AA8EC2A00D6AFC4 /* Views */,
				DDB7C8352993DD180067B67E /* ViewControllers */,
				DD3411352A77889B007A74AB /* Annotations */,
			);
			path = Maps;
			sourceTree = "<group>";
		};
		DD883E6C2993C70400E713CF /* DefaultClustering */ = {
			isa = PBXGroup;
			children = (
				DD883E6D2993C70400E713CF /* DefaultMapViewController.swift */,
				DD2C462F299404C90095F923 /* DefaultMapViewDelegate.swift */,
			);
			path = DefaultClustering;
			sourceTree = "<group>";
		};
		DD883E6E2993C70400E713CF /* WithClusterManager */ = {
			isa = PBXGroup;
			children = (
				DD3411332A778869007A74AB /* ClusteredMapViewDelegate.swift */,
				DD883E712993C70400E713CF /* ClusterMapViewController.swift */,
			);
			path = WithClusterManager;
			sourceTree = "<group>";
		};
		DDB7C8352993DD180067B67E /* ViewControllers */ = {
			isa = PBXGroup;
			children = (
				DD883E6C2993C70400E713CF /* DefaultClustering */,
				DD883E6E2993C70400E713CF /* WithClusterManager */,
			);
			path = ViewControllers;
			sourceTree = "<group>";
		};
		DDC0DD652AE3AAAE00D4B636 /* LegacyMap */ = {
			isa = PBXGroup;
			children = (
				DDC0DD682AE3ABA200D4B636 /* LegacyMap.swift */,
				DDC0DD6A2AE3ABAF00D4B636 /* LegacyMap+DataSource.swift */,
			);
			path = LegacyMap;
			sourceTree = "<group>";
		};
		DDC0DD662AE3AADA00D4B636 /* MapKitIntegration */ = {
			isa = PBXGroup;
			children = (
				DDF05F0E2ADE6AA8004A1191 /* MapKitIntegration.swift */,
				DDC0DD752AE3DF5E00D4B636 /* LocalSearchCompleter.swift */,
			);
			path = MapKitIntegration;
			sourceTree = "<group>";
		};
		DDEAF3782990F59800E49D87 = {
			isa = PBXGroup;
			children = (
				DD1B5D6729955EFF0015D91B /* Example-AppKit */,
				DD883E562993C70400E713CF /* Example-UIKit */,
				DD3410E72A777686007A74AB /* Example-SwiftUI */,
				DD3411122A77777D007A74AB /* DataSource */,
				DD2E57FE2990F5F5001D5640 /* Frameworks */,
				DD2E57FC2990F5E6001D5640 /* Packages */,
				DDEAF3822990F59800E49D87 /* Products */,
			);
			sourceTree = "<group>";
		};
		DDEAF3822990F59800E49D87 /* Products */ = {
			isa = PBXGroup;
			children = (
				DDEAF3812990F59800E49D87 /* Example-UIKit.app */,
				DD1B5D6629955EFF0015D91B /* Example-AppKit.app */,
				DD3410E62A777686007A74AB /* Example-SwiftUI.app */,
				DD3411112A77777D007A74AB /* DataSource.framework */,
			);
			name = Products;
			sourceTree = "<group>";
		};
/* End PBXGroup section */

/* Begin PBXHeadersBuildPhase section */
		DD34110C2A77777D007A74AB /* Headers */ = {
			isa = PBXHeadersBuildPhase;
			buildActionMask = 2147483647;
			files = (
				DD3411142A77777D007A74AB /* DataSource.h in Headers */,
			);
			runOnlyForDeploymentPostprocessing = 0;
		};
/* End PBXHeadersBuildPhase section */

/* Begin PBXNativeTarget section */
		DD1B5D6529955EFF0015D91B /* Example-AppKit */ = {
			isa = PBXNativeTarget;
			buildConfigurationList = DD1B5D7229955F000015D91B /* Build configuration list for PBXNativeTarget "Example-AppKit" */;
			buildPhases = (
				DD1B5D6229955EFF0015D91B /* Sources */,
				DD1B5D6329955EFF0015D91B /* Frameworks */,
				DD1B5D6429955EFF0015D91B /* Resources */,
				DD798A0A29962AB500B28DC4 /* Embed Frameworks */,
			);
			buildRules = (
			);
			dependencies = (
				DD3411232A777F19007A74AB /* PBXTargetDependency */,
			);
			name = "Example-AppKit";
			packageProductDependencies = (
				DD5939FC29F267A40088861F /* ClusterMap */,
			);
			productName = "Example-macOS";
			productReference = DD1B5D6629955EFF0015D91B /* Example-AppKit.app */;
			productType = "com.apple.product-type.application";
		};
		DD3410E52A777686007A74AB /* Example-SwiftUI */ = {
			isa = PBXNativeTarget;
			buildConfigurationList = DD3410F12A777687007A74AB /* Build configuration list for PBXNativeTarget "Example-SwiftUI" */;
			buildPhases = (
				DD3410E22A777686007A74AB /* Sources */,
				DD3410E32A777686007A74AB /* Frameworks */,
				DD3410E42A777686007A74AB /* Resources */,
				DD3411592A779567007A74AB /* Embed Frameworks */,
			);
			buildRules = (
			);
			dependencies = (
				DD3411582A779567007A74AB /* PBXTargetDependency */,
			);
			name = "Example-SwiftUI";
			packageProductDependencies = (
				DD34115A2A77956B007A74AB /* ClusterMap */,
				DD7D619E2AACD222005C2AAE /* ClusterMapSwiftUI */,
			);
			productName = "Example-SwiftUI";
			productReference = DD3410E62A777686007A74AB /* Example-SwiftUI.app */;
			productType = "com.apple.product-type.application";
		};
		DD3411102A77777D007A74AB /* DataSource */ = {
			isa = PBXNativeTarget;
			buildConfigurationList = DD3411152A77777D007A74AB /* Build configuration list for PBXNativeTarget "DataSource" */;
			buildPhases = (
				DD34110C2A77777D007A74AB /* Headers */,
				DD34110D2A77777D007A74AB /* Sources */,
				DD34110E2A77777D007A74AB /* Frameworks */,
				DD34110F2A77777D007A74AB /* Resources */,
			);
			buildRules = (
			);
			dependencies = (
			);
			name = DataSource;
			productName = DataSource;
			productReference = DD3411112A77777D007A74AB /* DataSource.framework */;
			productType = "com.apple.product-type.framework";
		};
		DDEAF3802990F59800E49D87 /* Example-UIKit */ = {
			isa = PBXNativeTarget;
			buildConfigurationList = DDEAF3952990F59900E49D87 /* Build configuration list for PBXNativeTarget "Example-UIKit" */;
			buildPhases = (
				DDEAF37D2990F59800E49D87 /* Sources */,
				DDEAF37E2990F59800E49D87 /* Frameworks */,
				DDEAF37F2990F59800E49D87 /* Resources */,
				DD798A0529962AB100B28DC4 /* Embed Frameworks */,
			);
			buildRules = (
			);
			dependencies = (
				DD3411272A7782CE007A74AB /* PBXTargetDependency */,
			);
			name = "Example-UIKit";
			packageProductDependencies = (
				DD5939FA29F2674F0088861F /* ClusterMap */,
			);
			productName = Example;
			productReference = DDEAF3812990F59800E49D87 /* Example-UIKit.app */;
			productType = "com.apple.product-type.application";
		};
/* End PBXNativeTarget section */

/* Begin PBXProject section */
		DDEAF3792990F59800E49D87 /* Project object */ = {
			isa = PBXProject;
			attributes = {
				BuildIndependentTargetsInParallel = 1;
				LastSwiftUpdateCheck = 1430;
				LastUpgradeCheck = 1510;
				TargetAttributes = {
					DD1B5D6529955EFF0015D91B = {
						CreatedOnToolsVersion = 14.2;
					};
					DD3410E52A777686007A74AB = {
						CreatedOnToolsVersion = 14.3.1;
					};
					DD3411102A77777D007A74AB = {
						CreatedOnToolsVersion = 14.3.1;
					};
					DDEAF3802990F59800E49D87 = {
						CreatedOnToolsVersion = 14.2;
					};
				};
			};
			buildConfigurationList = DDEAF37C2990F59800E49D87 /* Build configuration list for PBXProject "Example" */;
			compatibilityVersion = "Xcode 14.0";
			developmentRegion = en;
			hasScannedForEncodings = 0;
			knownRegions = (
				en,
				Base,
			);
			mainGroup = DDEAF3782990F59800E49D87;
			productRefGroup = DDEAF3822990F59800E49D87 /* Products */;
			projectDirPath = "";
			projectRoot = "";
			targets = (
				DD1B5D6529955EFF0015D91B /* Example-AppKit */,
				DDEAF3802990F59800E49D87 /* Example-UIKit */,
				DD3410E52A777686007A74AB /* Example-SwiftUI */,
				DD3411102A77777D007A74AB /* DataSource */,
			);
		};
/* End PBXProject section */

/* Begin PBXResourcesBuildPhase section */
		DD1B5D6429955EFF0015D91B /* Resources */ = {
			isa = PBXResourcesBuildPhase;
			buildActionMask = 2147483647;
			files = (
				DD1B5D6D29955F000015D91B /* Assets.xcassets in Resources */,
			);
			runOnlyForDeploymentPostprocessing = 0;
		};
		DD3410E42A777686007A74AB /* Resources */ = {
			isa = PBXResourcesBuildPhase;
			buildActionMask = 2147483647;
			files = (
				DD3410ED2A777687007A74AB /* Assets.xcassets in Resources */,
			);
			runOnlyForDeploymentPostprocessing = 0;
		};
		DD34110F2A77777D007A74AB /* Resources */ = {
			isa = PBXResourcesBuildPhase;
			buildActionMask = 2147483647;
			files = (
			);
			runOnlyForDeploymentPostprocessing = 0;
		};
		DDEAF37F2990F59800E49D87 /* Resources */ = {
			isa = PBXResourcesBuildPhase;
			buildActionMask = 2147483647;
			files = (
				DD883E802993C70400E713CF /* LaunchScreen.storyboard in Resources */,
				DD883E7F2993C70400E713CF /* Assets.xcassets in Resources */,
			);
			runOnlyForDeploymentPostprocessing = 0;
		};
/* End PBXResourcesBuildPhase section */

/* Begin PBXSourcesBuildPhase section */
		DD1B5D6229955EFF0015D91B /* Sources */ = {
			isa = PBXSourcesBuildPhase;
			buildActionMask = 2147483647;
			files = (
				DD3411502A778BCE007A74AB /* MapViewDelegate.swift in Sources */,
				DD7989EA29961F3700B28DC4 /* main.swift in Sources */,
				DD3411522A778EB1007A74AB /* MKMapView+ReusableAnnotation.swift in Sources */,
				DD7989ED29961FFC00B28DC4 /* MapViewController.swift in Sources */,
				DDF90B3B2AA50D0E001B94E8 /* ClusterAnnotationView.swift in Sources */,
				DDF90B392AA50CC4001B94E8 /* PointAnnotation.swift in Sources */,
				DDF90B372AA50CA9001B94E8 /* ClusterAnnotation.swift in Sources */,
				DD1B5D6929955EFF0015D91B /* AppDelegate.swift in Sources */,
			);
			runOnlyForDeploymentPostprocessing = 0;
		};
		DD3410E22A777686007A74AB /* Sources */ = {
			isa = PBXSourcesBuildPhase;
			buildActionMask = 2147483647;
			files = (
				DDD292312A78E2B200F8CC9E /* RoundedButton.swift in Sources */,
				DDCA65422AA82CAB006C6A2D /* Overlay.swift in Sources */,
				DDD292332A78E87900F8CC9E /* ModernMap+DataSource.swift in Sources */,
				DD3410EB2A777686007A74AB /* ModernMap.swift in Sources */,
				DDC0DD742AE3C0EB00D4B636 /* LazyView.swift in Sources */,
				DDCA65402AA82C92006C6A2D /* Background.swift in Sources */,
				DDCA653E2AA707C8006C6A2D /* AnyMapAnnotationProtocol.swift in Sources */,
				DDF05F0F2ADE6AA8004A1191 /* MapKitIntegration.swift in Sources */,
				DD3410E92A777686007A74AB /* ExampleApp.swift in Sources */,
				DDC0DD692AE3ABA200D4B636 /* LegacyMap.swift in Sources */,
				DDC0DD6D2AE3AC9000D4B636 /* ContentView.swift in Sources */,
				DDC0DD762AE3DF5E00D4B636 /* LocalSearchCompleter.swift in Sources */,
				DDC0DD6B2AE3ABAF00D4B636 /* LegacyMap+DataSource.swift in Sources */,
				DDC94AA02AA0755000D73080 /* AsyncButton.swift in Sources */,
			);
			runOnlyForDeploymentPostprocessing = 0;
		};
		DD34110D2A77777D007A74AB /* Sources */ = {
			isa = PBXSourcesBuildPhase;
			buildActionMask = 2147483647;
			files = (
				DD34111D2A777E07007A74AB /* CLLocationCoordinate2D+Random.swift in Sources */,
				DD34111C2A777DFC007A74AB /* MKCoordinateRegion+Random.swift in Sources */,
				DD34111F2A777E24007A74AB /* MKCoordinateRegion+Cities.swift in Sources */,
				DD34111B2A777DBD007A74AB /* CoordinateRandomizer.swift in Sources */,
			);
			runOnlyForDeploymentPostprocessing = 0;
		};
		DDEAF37D2990F59800E49D87 /* Sources */ = {
			isa = PBXSourcesBuildPhase;
			buildActionMask = 2147483647;
			files = (
				DDDB3E592A9E499700745D15 /* ClusterWithLabelAnnotationView.swift in Sources */,
				DD752E7F2AA8EB3200D6AFC4 /* MapController.swift in Sources */,
				DD883E8C2993C70400E713CF /* ClusterMapViewController.swift in Sources */,
				DD883E892993C70400E713CF /* DefaultMapViewController.swift in Sources */,
				DD883E922993C70400E713CF /* ClusteringSelectionViewController.swift in Sources */,
				DD3411452A7788B4007A74AB /* UIViewController+Child.swift in Sources */,
				DDDB3E552A9E47C900745D15 /* ClusterAnnotationView.swift in Sources */,
				DD3411462A7788B4007A74AB /* UIImage+ColorFilled.swift in Sources */,
				DD883E8E2993C70400E713CF /* MapContainerViewController.swift in Sources */,
				DDDB3E532A9E478F00745D15 /* ClusterAnnotation.swift in Sources */,
				DDF90B352AA50120001B94E8 /* PointAnnotation.swift in Sources */,
				DD2C4630299404C90095F923 /* DefaultMapViewDelegate.swift in Sources */,
				DD3411492A7788B4007A74AB /* MKMapView+AnnotationView.swift in Sources */,
				DD3411322A778819007A74AB /* AnnotationTypes.swift in Sources */,
				DD883E942993C70400E713CF /* SceneDelegate.swift in Sources */,
				DD34114D2A7788F3007A74AB /* Resources.swift in Sources */,
				DD883E932993C70400E713CF /* AppDelegate.swift in Sources */,
				DD3411392A77889B007A74AB /* ClusterWithImageAnnotationView.swift in Sources */,
				DDDB3E572A9E480800745D15 /* CountLabel.swift in Sources */,
				DD3411342A778869007A74AB /* ClusteredMapViewDelegate.swift in Sources */,
				DD883E912993C70400E713CF /* MapControlsViewContainer.swift in Sources */,
			);
			runOnlyForDeploymentPostprocessing = 0;
		};
/* End PBXSourcesBuildPhase section */

/* Begin PBXTargetDependency section */
		DD3411232A777F19007A74AB /* PBXTargetDependency */ = {
			isa = PBXTargetDependency;
			target = DD3411102A77777D007A74AB /* DataSource */;
			targetProxy = DD3411222A777F19007A74AB /* PBXContainerItemProxy */;
		};
		DD3411272A7782CE007A74AB /* PBXTargetDependency */ = {
			isa = PBXTargetDependency;
			target = DD3411102A77777D007A74AB /* DataSource */;
			targetProxy = DD3411262A7782CE007A74AB /* PBXContainerItemProxy */;
		};
		DD3411582A779567007A74AB /* PBXTargetDependency */ = {
			isa = PBXTargetDependency;
			target = DD3411102A77777D007A74AB /* DataSource */;
			targetProxy = DD3411572A779567007A74AB /* PBXContainerItemProxy */;
		};
/* End PBXTargetDependency section */

/* Begin PBXVariantGroup section */
		DD883E5B2993C70400E713CF /* LaunchScreen.storyboard */ = {
			isa = PBXVariantGroup;
			children = (
				DD883E5C2993C70400E713CF /* Base */,
			);
			name = LaunchScreen.storyboard;
			sourceTree = "<group>";
		};
/* End PBXVariantGroup section */

/* Begin XCBuildConfiguration section */
		DD1B5D7329955F000015D91B /* Debug */ = {
			isa = XCBuildConfiguration;
			buildSettings = {
				ASSETCATALOG_COMPILER_APPICON_NAME = AppIcon;
				ASSETCATALOG_COMPILER_GLOBAL_ACCENT_COLOR_NAME = AccentColor;
				CODE_SIGN_ENTITLEMENTS = "Example-AppKit/Example_AppKit.entitlements";
				CODE_SIGN_IDENTITY = "Apple Development";
				"CODE_SIGN_IDENTITY[sdk=macosx*]" = "-";
				CODE_SIGN_STYLE = Automatic;
				COMBINE_HIDPI_IMAGES = YES;
				CURRENT_PROJECT_VERSION = 1;
				DEAD_CODE_STRIPPING = YES;
				DEVELOPMENT_TEAM = "";
				ENABLE_HARDENED_RUNTIME = YES;
				GENERATE_INFOPLIST_FILE = YES;
				INFOPLIST_KEY_NSHumanReadableCopyright = "";
				INFOPLIST_KEY_NSPrincipalClass = NSApplication;
				LD_RUNPATH_SEARCH_PATHS = (
					"$(inherited)",
					"@executable_path/../Frameworks",
				);
				MACOSX_DEPLOYMENT_TARGET = 11.0;
				MARKETING_VERSION = 1.0;
				PRODUCT_BUNDLE_IDENTIFIER = "clustermap.example-appkit";
				PRODUCT_NAME = "$(TARGET_NAME)";
				PROVISIONING_PROFILE_SPECIFIER = "";
				SDKROOT = macosx;
				SWIFT_EMIT_LOC_STRINGS = YES;
				SWIFT_STRICT_CONCURRENCY = minimal;
				SWIFT_VERSION = 5.0;
			};
			name = Debug;
		};
		DD1B5D7429955F000015D91B /* Release */ = {
			isa = XCBuildConfiguration;
			buildSettings = {
				ASSETCATALOG_COMPILER_APPICON_NAME = AppIcon;
				ASSETCATALOG_COMPILER_GLOBAL_ACCENT_COLOR_NAME = AccentColor;
				CODE_SIGN_ENTITLEMENTS = "Example-AppKit/Example_AppKit.entitlements";
				CODE_SIGN_IDENTITY = "Apple Development";
				"CODE_SIGN_IDENTITY[sdk=macosx*]" = "-";
				CODE_SIGN_STYLE = Automatic;
				COMBINE_HIDPI_IMAGES = YES;
				CURRENT_PROJECT_VERSION = 1;
				DEAD_CODE_STRIPPING = YES;
				DEVELOPMENT_TEAM = "";
				ENABLE_HARDENED_RUNTIME = YES;
				GENERATE_INFOPLIST_FILE = YES;
				INFOPLIST_KEY_NSHumanReadableCopyright = "";
				INFOPLIST_KEY_NSPrincipalClass = NSApplication;
				LD_RUNPATH_SEARCH_PATHS = (
					"$(inherited)",
					"@executable_path/../Frameworks",
				);
				MACOSX_DEPLOYMENT_TARGET = 11.0;
				MARKETING_VERSION = 1.0;
				PRODUCT_BUNDLE_IDENTIFIER = "clustermap.example-appkit";
				PRODUCT_NAME = "$(TARGET_NAME)";
				PROVISIONING_PROFILE_SPECIFIER = "";
				SDKROOT = macosx;
				SWIFT_EMIT_LOC_STRINGS = YES;
				SWIFT_STRICT_CONCURRENCY = targeted;
				SWIFT_VERSION = 5.0;
			};
			name = Release;
		};
		DD3410F22A777687007A74AB /* Debug */ = {
			isa = XCBuildConfiguration;
			buildSettings = {
				ASSETCATALOG_COMPILER_APPICON_NAME = AppIcon;
				ASSETCATALOG_COMPILER_GLOBAL_ACCENT_COLOR_NAME = AccentColor;
				CODE_SIGN_IDENTITY = "Apple Development";
				CODE_SIGN_STYLE = Automatic;
				CURRENT_PROJECT_VERSION = 1;
				DEVELOPMENT_TEAM = "";
				ENABLE_PREVIEWS = YES;
				GENERATE_INFOPLIST_FILE = YES;
				INFOPLIST_KEY_UIApplicationSceneManifest_Generation = YES;
				INFOPLIST_KEY_UIApplicationSupportsIndirectInputEvents = YES;
				INFOPLIST_KEY_UILaunchScreen_Generation = YES;
				INFOPLIST_KEY_UISupportedInterfaceOrientations_iPad = "UIInterfaceOrientationPortrait UIInterfaceOrientationPortraitUpsideDown UIInterfaceOrientationLandscapeLeft UIInterfaceOrientationLandscapeRight";
				INFOPLIST_KEY_UISupportedInterfaceOrientations_iPhone = "UIInterfaceOrientationPortrait UIInterfaceOrientationLandscapeLeft UIInterfaceOrientationLandscapeRight";
				IPHONEOS_DEPLOYMENT_TARGET = 14.0;
				LD_RUNPATH_SEARCH_PATHS = (
					"$(inherited)",
					"@executable_path/Frameworks",
				);
				MARKETING_VERSION = 1.0;
				PRODUCT_BUNDLE_IDENTIFIER = "clustermap.example-swiftui";
				PRODUCT_NAME = "$(TARGET_NAME)";
				PROVISIONING_PROFILE_SPECIFIER = "";
				SWIFT_EMIT_LOC_STRINGS = YES;
				SWIFT_VERSION = 5.0;
				TARGETED_DEVICE_FAMILY = "1,2";
			};
			name = Debug;
		};
		DD3410F32A777687007A74AB /* Release */ = {
			isa = XCBuildConfiguration;
			buildSettings = {
				ASSETCATALOG_COMPILER_APPICON_NAME = AppIcon;
				ASSETCATALOG_COMPILER_GLOBAL_ACCENT_COLOR_NAME = AccentColor;
				CODE_SIGN_IDENTITY = "Apple Development";
				CODE_SIGN_STYLE = Automatic;
				CURRENT_PROJECT_VERSION = 1;
				DEVELOPMENT_TEAM = "";
				ENABLE_PREVIEWS = YES;
				GENERATE_INFOPLIST_FILE = YES;
				INFOPLIST_KEY_UIApplicationSceneManifest_Generation = YES;
				INFOPLIST_KEY_UIApplicationSupportsIndirectInputEvents = YES;
				INFOPLIST_KEY_UILaunchScreen_Generation = YES;
				INFOPLIST_KEY_UISupportedInterfaceOrientations_iPad = "UIInterfaceOrientationPortrait UIInterfaceOrientationPortraitUpsideDown UIInterfaceOrientationLandscapeLeft UIInterfaceOrientationLandscapeRight";
				INFOPLIST_KEY_UISupportedInterfaceOrientations_iPhone = "UIInterfaceOrientationPortrait UIInterfaceOrientationLandscapeLeft UIInterfaceOrientationLandscapeRight";
				IPHONEOS_DEPLOYMENT_TARGET = 14.0;
				LD_RUNPATH_SEARCH_PATHS = (
					"$(inherited)",
					"@executable_path/Frameworks",
				);
				MARKETING_VERSION = 1.0;
				PRODUCT_BUNDLE_IDENTIFIER = "clustermap.example-swiftui";
				PRODUCT_NAME = "$(TARGET_NAME)";
				PROVISIONING_PROFILE_SPECIFIER = "";
				SWIFT_EMIT_LOC_STRINGS = YES;
				SWIFT_VERSION = 5.0;
				TARGETED_DEVICE_FAMILY = "1,2";
			};
			name = Release;
		};
		DD3411162A77777D007A74AB /* Debug */ = {
			isa = XCBuildConfiguration;
			buildSettings = {
				CODE_SIGN_STYLE = Manual;
				CURRENT_PROJECT_VERSION = 1;
				DEAD_CODE_STRIPPING = YES;
				DEFINES_MODULE = YES;
				DEVELOPMENT_TEAM = "";
				DYLIB_COMPATIBILITY_VERSION = 1;
				DYLIB_CURRENT_VERSION = 1;
				DYLIB_INSTALL_NAME_BASE = "@rpath";
				ENABLE_MODULE_VERIFIER = YES;
				GENERATE_INFOPLIST_FILE = YES;
				INFOPLIST_KEY_NSHumanReadableCopyright = "";
				INSTALL_PATH = "$(LOCAL_LIBRARY_DIR)/Frameworks";
				IPHONEOS_DEPLOYMENT_TARGET = 13.0;
				LD_RUNPATH_SEARCH_PATHS = (
					"@executable_path/Frameworks",
					"@loader_path/Frameworks",
				);
				"LD_RUNPATH_SEARCH_PATHS[sdk=macosx*]" = (
					"@executable_path/../Frameworks",
					"@loader_path/Frameworks",
				);
				MACOSX_DEPLOYMENT_TARGET = 11.0;
				MARKETING_VERSION = 1.0;
				MODULE_VERIFIER_SUPPORTED_LANGUAGES = "objective-c objective-c++";
				MODULE_VERIFIER_SUPPORTED_LANGUAGE_STANDARDS = "gnu11 gnu++20";
				PRODUCT_BUNDLE_IDENTIFIER = "clustermap.example-datasource";
				PRODUCT_NAME = "$(TARGET_NAME:c99extidentifier)";
				PROVISIONING_PROFILE_SPECIFIER = "";
				SDKROOT = auto;
				SKIP_INSTALL = YES;
				SUPPORTED_PLATFORMS = "iphoneos iphonesimulator macosx";
				SWIFT_EMIT_LOC_STRINGS = YES;
				SWIFT_VERSION = 5.0;
				TARGETED_DEVICE_FAMILY = "1,2";
				VERSIONING_SYSTEM = "apple-generic";
				VERSION_INFO_PREFIX = "";
			};
			name = Debug;
		};
		DD3411172A77777D007A74AB /* Release */ = {
			isa = XCBuildConfiguration;
			buildSettings = {
				CODE_SIGN_STYLE = Manual;
				CURRENT_PROJECT_VERSION = 1;
				DEAD_CODE_STRIPPING = YES;
				DEFINES_MODULE = YES;
				DEVELOPMENT_TEAM = "";
				DYLIB_COMPATIBILITY_VERSION = 1;
				DYLIB_CURRENT_VERSION = 1;
				DYLIB_INSTALL_NAME_BASE = "@rpath";
				ENABLE_MODULE_VERIFIER = YES;
				GENERATE_INFOPLIST_FILE = YES;
				INFOPLIST_KEY_NSHumanReadableCopyright = "";
				INSTALL_PATH = "$(LOCAL_LIBRARY_DIR)/Frameworks";
				IPHONEOS_DEPLOYMENT_TARGET = 13.0;
				LD_RUNPATH_SEARCH_PATHS = (
					"@executable_path/Frameworks",
					"@loader_path/Frameworks",
				);
				"LD_RUNPATH_SEARCH_PATHS[sdk=macosx*]" = (
					"@executable_path/../Frameworks",
					"@loader_path/Frameworks",
				);
				MACOSX_DEPLOYMENT_TARGET = 11.0;
				MARKETING_VERSION = 1.0;
				MODULE_VERIFIER_SUPPORTED_LANGUAGES = "objective-c objective-c++";
				MODULE_VERIFIER_SUPPORTED_LANGUAGE_STANDARDS = "gnu11 gnu++20";
				PRODUCT_BUNDLE_IDENTIFIER = "clustermap.example-datasource";
				PRODUCT_NAME = "$(TARGET_NAME:c99extidentifier)";
				PROVISIONING_PROFILE_SPECIFIER = "";
				SDKROOT = auto;
				SKIP_INSTALL = YES;
				SUPPORTED_PLATFORMS = "iphoneos iphonesimulator macosx";
				SWIFT_EMIT_LOC_STRINGS = YES;
				SWIFT_VERSION = 5.0;
				TARGETED_DEVICE_FAMILY = "1,2";
				VERSIONING_SYSTEM = "apple-generic";
				VERSION_INFO_PREFIX = "";
			};
			name = Release;
		};
		DDEAF3932990F59900E49D87 /* Debug */ = {
			isa = XCBuildConfiguration;
			buildSettings = {
				ALWAYS_SEARCH_USER_PATHS = NO;
				ASSETCATALOG_COMPILER_GENERATE_SWIFT_ASSET_SYMBOL_EXTENSIONS = YES;
				CLANG_ANALYZER_NONNULL = YES;
				CLANG_ANALYZER_NUMBER_OBJECT_CONVERSION = YES_AGGRESSIVE;
				CLANG_CXX_LANGUAGE_STANDARD = "gnu++20";
				CLANG_ENABLE_MODULES = YES;
				CLANG_ENABLE_OBJC_ARC = YES;
				CLANG_ENABLE_OBJC_WEAK = YES;
				CLANG_WARN_BLOCK_CAPTURE_AUTORELEASING = YES;
				CLANG_WARN_BOOL_CONVERSION = YES;
				CLANG_WARN_COMMA = YES;
				CLANG_WARN_CONSTANT_CONVERSION = YES;
				CLANG_WARN_DEPRECATED_OBJC_IMPLEMENTATIONS = YES;
				CLANG_WARN_DIRECT_OBJC_ISA_USAGE = YES_ERROR;
				CLANG_WARN_DOCUMENTATION_COMMENTS = YES;
				CLANG_WARN_EMPTY_BODY = YES;
				CLANG_WARN_ENUM_CONVERSION = YES;
				CLANG_WARN_INFINITE_RECURSION = YES;
				CLANG_WARN_INT_CONVERSION = YES;
				CLANG_WARN_NON_LITERAL_NULL_CONVERSION = YES;
				CLANG_WARN_OBJC_IMPLICIT_RETAIN_SELF = YES;
				CLANG_WARN_OBJC_LITERAL_CONVERSION = YES;
				CLANG_WARN_OBJC_ROOT_CLASS = YES_ERROR;
				CLANG_WARN_QUOTED_INCLUDE_IN_FRAMEWORK_HEADER = YES;
				CLANG_WARN_RANGE_LOOP_ANALYSIS = YES;
				CLANG_WARN_STRICT_PROTOTYPES = YES;
				CLANG_WARN_SUSPICIOUS_MOVE = YES;
				CLANG_WARN_UNGUARDED_AVAILABILITY = YES_AGGRESSIVE;
				CLANG_WARN_UNREACHABLE_CODE = YES;
				CLANG_WARN__DUPLICATE_METHOD_MATCH = YES;
				COPY_PHASE_STRIP = NO;
				DEBUG_INFORMATION_FORMAT = dwarf;
				ENABLE_STRICT_OBJC_MSGSEND = YES;
				ENABLE_TESTABILITY = YES;
				ENABLE_USER_SCRIPT_SANDBOXING = YES;
				GCC_C_LANGUAGE_STANDARD = gnu11;
				GCC_DYNAMIC_NO_PIC = NO;
				GCC_NO_COMMON_BLOCKS = YES;
				GCC_OPTIMIZATION_LEVEL = 0;
				GCC_PREPROCESSOR_DEFINITIONS = (
					"DEBUG=1",
					"$(inherited)",
				);
				GCC_WARN_64_TO_32_BIT_CONVERSION = YES;
				GCC_WARN_ABOUT_RETURN_TYPE = YES_ERROR;
				GCC_WARN_UNDECLARED_SELECTOR = YES;
				GCC_WARN_UNINITIALIZED_AUTOS = YES_AGGRESSIVE;
				GCC_WARN_UNUSED_FUNCTION = YES;
				GCC_WARN_UNUSED_VARIABLE = YES;
				IPHONEOS_DEPLOYMENT_TARGET = 16.2;
				MTL_ENABLE_DEBUG_INFO = INCLUDE_SOURCE;
				MTL_FAST_MATH = YES;
				ONLY_ACTIVE_ARCH = YES;
				SDKROOT = iphoneos;
				SWIFT_ACTIVE_COMPILATION_CONDITIONS = DEBUG;
				SWIFT_OPTIMIZATION_LEVEL = "-Onone";
			};
			name = Debug;
		};
		DDEAF3942990F59900E49D87 /* Release */ = {
			isa = XCBuildConfiguration;
			buildSettings = {
				ALWAYS_SEARCH_USER_PATHS = NO;
				ASSETCATALOG_COMPILER_GENERATE_SWIFT_ASSET_SYMBOL_EXTENSIONS = YES;
				CLANG_ANALYZER_NONNULL = YES;
				CLANG_ANALYZER_NUMBER_OBJECT_CONVERSION = YES_AGGRESSIVE;
				CLANG_CXX_LANGUAGE_STANDARD = "gnu++20";
				CLANG_ENABLE_MODULES = YES;
				CLANG_ENABLE_OBJC_ARC = YES;
				CLANG_ENABLE_OBJC_WEAK = YES;
				CLANG_WARN_BLOCK_CAPTURE_AUTORELEASING = YES;
				CLANG_WARN_BOOL_CONVERSION = YES;
				CLANG_WARN_COMMA = YES;
				CLANG_WARN_CONSTANT_CONVERSION = YES;
				CLANG_WARN_DEPRECATED_OBJC_IMPLEMENTATIONS = YES;
				CLANG_WARN_DIRECT_OBJC_ISA_USAGE = YES_ERROR;
				CLANG_WARN_DOCUMENTATION_COMMENTS = YES;
				CLANG_WARN_EMPTY_BODY = YES;
				CLANG_WARN_ENUM_CONVERSION = YES;
				CLANG_WARN_INFINITE_RECURSION = YES;
				CLANG_WARN_INT_CONVERSION = YES;
				CLANG_WARN_NON_LITERAL_NULL_CONVERSION = YES;
				CLANG_WARN_OBJC_IMPLICIT_RETAIN_SELF = YES;
				CLANG_WARN_OBJC_LITERAL_CONVERSION = YES;
				CLANG_WARN_OBJC_ROOT_CLASS = YES_ERROR;
				CLANG_WARN_QUOTED_INCLUDE_IN_FRAMEWORK_HEADER = YES;
				CLANG_WARN_RANGE_LOOP_ANALYSIS = YES;
				CLANG_WARN_STRICT_PROTOTYPES = YES;
				CLANG_WARN_SUSPICIOUS_MOVE = YES;
				CLANG_WARN_UNGUARDED_AVAILABILITY = YES_AGGRESSIVE;
				CLANG_WARN_UNREACHABLE_CODE = YES;
				CLANG_WARN__DUPLICATE_METHOD_MATCH = YES;
				COPY_PHASE_STRIP = NO;
				DEBUG_INFORMATION_FORMAT = "dwarf-with-dsym";
				ENABLE_NS_ASSERTIONS = NO;
				ENABLE_STRICT_OBJC_MSGSEND = YES;
				ENABLE_USER_SCRIPT_SANDBOXING = YES;
				GCC_C_LANGUAGE_STANDARD = gnu11;
				GCC_NO_COMMON_BLOCKS = YES;
				GCC_WARN_64_TO_32_BIT_CONVERSION = YES;
				GCC_WARN_ABOUT_RETURN_TYPE = YES_ERROR;
				GCC_WARN_UNDECLARED_SELECTOR = YES;
				GCC_WARN_UNINITIALIZED_AUTOS = YES_AGGRESSIVE;
				GCC_WARN_UNUSED_FUNCTION = YES;
				GCC_WARN_UNUSED_VARIABLE = YES;
				IPHONEOS_DEPLOYMENT_TARGET = 16.2;
				MTL_ENABLE_DEBUG_INFO = NO;
				MTL_FAST_MATH = YES;
				SDKROOT = iphoneos;
				SWIFT_COMPILATION_MODE = wholemodule;
				SWIFT_OPTIMIZATION_LEVEL = "-O";
				VALIDATE_PRODUCT = YES;
			};
			name = Release;
		};
		DDEAF3962990F59900E49D87 /* Debug */ = {
			isa = XCBuildConfiguration;
			buildSettings = {
				ASSETCATALOG_COMPILER_APPICON_NAME = AppIcon;
				ASSETCATALOG_COMPILER_GLOBAL_ACCENT_COLOR_NAME = AccentColor;
				CODE_SIGN_IDENTITY = "Apple Development";
				CODE_SIGN_STYLE = Automatic;
				CURRENT_PROJECT_VERSION = 1;
				DEVELOPMENT_TEAM = "";
				GENERATE_INFOPLIST_FILE = YES;
				INFOPLIST_FILE = "Example-UIKit/Resources/Info.plist";
				INFOPLIST_KEY_UIApplicationSupportsIndirectInputEvents = YES;
				INFOPLIST_KEY_UILaunchStoryboardName = LaunchScreen;
				INFOPLIST_KEY_UISupportedInterfaceOrientations_iPad = "UIInterfaceOrientationPortrait UIInterfaceOrientationPortraitUpsideDown UIInterfaceOrientationLandscapeLeft UIInterfaceOrientationLandscapeRight";
				INFOPLIST_KEY_UISupportedInterfaceOrientations_iPhone = "UIInterfaceOrientationPortrait UIInterfaceOrientationLandscapeLeft UIInterfaceOrientationLandscapeRight";
				IPHONEOS_DEPLOYMENT_TARGET = 13.0;
				LD_RUNPATH_SEARCH_PATHS = (
					"$(inherited)",
					"@executable_path/Frameworks",
				);
				MARKETING_VERSION = 1.0;
				PRODUCT_BUNDLE_IDENTIFIER = "clustermap.example-uikit";
				PRODUCT_NAME = "$(TARGET_NAME)";
				PROVISIONING_PROFILE_SPECIFIER = "";
				SWIFT_EMIT_LOC_STRINGS = YES;
				SWIFT_VERSION = 5.0;
				TARGETED_DEVICE_FAMILY = "1,2";
			};
			name = Debug;
		};
		DDEAF3972990F59900E49D87 /* Release */ = {
			isa = XCBuildConfiguration;
			buildSettings = {
				ASSETCATALOG_COMPILER_APPICON_NAME = AppIcon;
				ASSETCATALOG_COMPILER_GLOBAL_ACCENT_COLOR_NAME = AccentColor;
				CODE_SIGN_IDENTITY = "Apple Development";
				CODE_SIGN_STYLE = Automatic;
				CURRENT_PROJECT_VERSION = 1;
				DEVELOPMENT_TEAM = "";
				GENERATE_INFOPLIST_FILE = YES;
				INFOPLIST_FILE = "Example-UIKit/Resources/Info.plist";
				INFOPLIST_KEY_UIApplicationSupportsIndirectInputEvents = YES;
				INFOPLIST_KEY_UILaunchStoryboardName = LaunchScreen;
				INFOPLIST_KEY_UISupportedInterfaceOrientations_iPad = "UIInterfaceOrientationPortrait UIInterfaceOrientationPortraitUpsideDown UIInterfaceOrientationLandscapeLeft UIInterfaceOrientationLandscapeRight";
				INFOPLIST_KEY_UISupportedInterfaceOrientations_iPhone = "UIInterfaceOrientationPortrait UIInterfaceOrientationLandscapeLeft UIInterfaceOrientationLandscapeRight";
				IPHONEOS_DEPLOYMENT_TARGET = 13.0;
				LD_RUNPATH_SEARCH_PATHS = (
					"$(inherited)",
					"@executable_path/Frameworks",
				);
				MARKETING_VERSION = 1.0;
				PRODUCT_BUNDLE_IDENTIFIER = "clustermap.example-uikit";
				PRODUCT_NAME = "$(TARGET_NAME)";
				PROVISIONING_PROFILE_SPECIFIER = "";
				SWIFT_EMIT_LOC_STRINGS = YES;
				SWIFT_VERSION = 5.0;
				TARGETED_DEVICE_FAMILY = "1,2";
			};
			name = Release;
		};
/* End XCBuildConfiguration section */

/* Begin XCConfigurationList section */
		DD1B5D7229955F000015D91B /* Build configuration list for PBXNativeTarget "Example-AppKit" */ = {
			isa = XCConfigurationList;
			buildConfigurations = (
				DD1B5D7329955F000015D91B /* Debug */,
				DD1B5D7429955F000015D91B /* Release */,
			);
			defaultConfigurationIsVisible = 0;
			defaultConfigurationName = Release;
		};
		DD3410F12A777687007A74AB /* Build configuration list for PBXNativeTarget "Example-SwiftUI" */ = {
			isa = XCConfigurationList;
			buildConfigurations = (
				DD3410F22A777687007A74AB /* Debug */,
				DD3410F32A777687007A74AB /* Release */,
			);
			defaultConfigurationIsVisible = 0;
			defaultConfigurationName = Release;
		};
		DD3411152A77777D007A74AB /* Build configuration list for PBXNativeTarget "DataSource" */ = {
			isa = XCConfigurationList;
			buildConfigurations = (
				DD3411162A77777D007A74AB /* Debug */,
				DD3411172A77777D007A74AB /* Release */,
			);
			defaultConfigurationIsVisible = 0;
			defaultConfigurationName = Release;
		};
		DDEAF37C2990F59800E49D87 /* Build configuration list for PBXProject "Example" */ = {
			isa = XCConfigurationList;
			buildConfigurations = (
				DDEAF3932990F59900E49D87 /* Debug */,
				DDEAF3942990F59900E49D87 /* Release */,
			);
			defaultConfigurationIsVisible = 0;
			defaultConfigurationName = Release;
		};
		DDEAF3952990F59900E49D87 /* Build configuration list for PBXNativeTarget "Example-UIKit" */ = {
			isa = XCConfigurationList;
			buildConfigurations = (
				DDEAF3962990F59900E49D87 /* Debug */,
				DDEAF3972990F59900E49D87 /* Release */,
			);
			defaultConfigurationIsVisible = 0;
			defaultConfigurationName = Release;
		};
/* End XCConfigurationList section */

/* Begin XCSwiftPackageProductDependency section */
		DD34115A2A77956B007A74AB /* ClusterMap */ = {
			isa = XCSwiftPackageProductDependency;
			productName = ClusterMap;
		};
		DD5939FA29F2674F0088861F /* ClusterMap */ = {
			isa = XCSwiftPackageProductDependency;
			productName = ClusterMap;
		};
		DD5939FC29F267A40088861F /* ClusterMap */ = {
			isa = XCSwiftPackageProductDependency;
			productName = ClusterMap;
		};
		DD7D619E2AACD222005C2AAE /* ClusterMapSwiftUI */ = {
			isa = XCSwiftPackageProductDependency;
			productName = ClusterMapSwiftUI;
		};
/* End XCSwiftPackageProductDependency section */
	};
	rootObject = DDEAF3792990F59800E49D87 /* Project object */;
}
